// !$*UTF8*$!
{
	archiveVersion = 1;
	classes = {
	};
	objectVersion = 52;
	objects = {

/* Begin PBXBuildFile section */
		2C02DFEC1C9AA64900B97137 /* MainMenu.xib in Resources */ = {isa = PBXBuildFile; fileRef = 2C02DFE61C9AA64900B97137 /* MainMenu.xib */; };
		2C02DFED1C9AA64900B97137 /* PreferencesWindow.xib in Resources */ = {isa = PBXBuildFile; fileRef = 2C02DFE81C9AA64900B97137 /* PreferencesWindow.xib */; };
		2C02DFEE1C9AA64900B97137 /* RenameWindow.xib in Resources */ = {isa = PBXBuildFile; fileRef = 2C02DFEA1C9AA64900B97137 /* RenameWindow.xib */; };
		2C061F1410231DAD004E7EDC /* Credits.rtf in Resources */ = {isa = PBXBuildFile; fileRef = 2C061F1310231DAD004E7EDC /* Credits.rtf */; };
		2C1B2CDB1C61CEB900C62B86 /* FrontAppMonitor.m in Sources */ = {isa = PBXBuildFile; fileRef = 2C1B2CD01C61CEB900C62B86 /* FrontAppMonitor.m */; };
		2C1B2CDC1C61CEB900C62B86 /* PaletteWindowController.m in Sources */ = {isa = PBXBuildFile; fileRef = 2C1B2CD21C61CEB900C62B86 /* PaletteWindowController.m */; };
		2C1B2CDD1C61CEB900C62B86 /* WindowVisibilityController.m in Sources */ = {isa = PBXBuildFile; fileRef = 2C1B2CD41C61CEB900C62B86 /* WindowVisibilityController.m */; };
		2C1B2CDE1C61CEB900C62B86 /* PathExtra_Localizable.strings in Resources */ = {isa = PBXBuildFile; fileRef = 2C1B2CD61C61CEB900C62B86 /* PathExtra_Localizable.strings */; };
		2C1B2CDF1C61CEB900C62B86 /* PathExtra.m in Sources */ = {isa = PBXBuildFile; fileRef = 2C1B2CDA1C61CEB900C62B86 /* PathExtra.m */; };
		2C1B2CE31C61CF2900C62B86 /* StringExtra.m in Sources */ = {isa = PBXBuildFile; fileRef = 2C1B2CE21C61CF2900C62B86 /* StringExtra.m */; };
		2C219C1B1991C97D001A2D35 /* FilenameComboBox.m in Sources */ = {isa = PBXBuildFile; fileRef = 2C219C1A1991C97D001A2D35 /* FilenameComboBox.m */; };
		2C278CD0100ECE8C0092CFDE /* AddDummyAtFirstTransformer.m in Sources */ = {isa = PBXBuildFile; fileRef = 2C278CCE100ECE8C0092CFDE /* AddDummyAtFirstTransformer.m */; };
		2C447C400FFFABE1009DA83E /* OSAKit.framework in Frameworks */ = {isa = PBXBuildFile; fileRef = 2C447C3F0FFFABE1009DA83E /* OSAKit.framework */; };
		2C447DBE1000EE36009DA83E /* AltActionButton.m in Sources */ = {isa = PBXBuildFile; fileRef = 2C447DBC1000EE36009DA83E /* AltActionButton.m */; };
		2C52396F25F73D8400D8CCA6 /* Media.xcassets in Resources */ = {isa = PBXBuildFile; fileRef = 2C52396E25F73D8400D8CCA6 /* Media.xcassets */; };
		2C54277C0B7C05B900820867 /* HelpSetup.plist in Resources */ = {isa = PBXBuildFile; fileRef = 2C54277B0B7C05B900820867 /* HelpSetup.plist */; };
		2C59C4132601A35500774B51 /* PullDownButtonView.m in Sources */ = {isa = PBXBuildFile; fileRef = 2C59C4122601A35500774B51 /* PullDownButtonView.m */; };
		2C5B7E020FF098F700D5ED31 /* RenameWindowController.m in Sources */ = {isa = PBXBuildFile; fileRef = 2C5B7E000FF098F700D5ED31 /* RenameWindowController.m */; };
		2C5B7E120FF0A39C00D5ED31 /* FinderSelectionController.applescript in Sources */ = {isa = PBXBuildFile; fileRef = 2C5B7E110FF0A39C00D5ED31 /* FinderSelectionController.applescript */; settings = {ATTRIBUTES = (); }; };
		2C5B7E160FF0A44A00D5ED31 /* RenameEngine.m in Sources */ = {isa = PBXBuildFile; fileRef = 2C5B7E140FF0A44A00D5ED31 /* RenameEngine.m */; };
		2C79A0891C630A0700D8C63C /* PowerRenamerHelp in Resources */ = {isa = PBXBuildFile; fileRef = 2C79A0881C630A0700D8C63C /* PowerRenamerHelp */; };
		2C85CB6E0B7B342900C89869 /* main.m in Sources */ = {isa = PBXBuildFile; fileRef = 29B97316FDCFA39411CA2CEA /* main.m */; settings = {ATTRIBUTES = (); }; };
		2C85CB710B7B342900C89869 /* Cocoa.framework in Frameworks */ = {isa = PBXBuildFile; fileRef = 1058C7A1FEA54F0111CA2CBB /* Cocoa.framework */; };
		2C85CC220B7B398100C89869 /* FactorySettings.plist in Resources */ = {isa = PBXBuildFile; fileRef = 2C85CC210B7B398100C89869 /* FactorySettings.plist */; };
		2C85CC310B7B3A1100C89869 /* AppController.m in Sources */ = {isa = PBXBuildFile; fileRef = 2C85CC2F0B7B3A1100C89869 /* AppController.m */; };
		2C9E41441C62CFE90053B4D5 /* ToolbarController.m in Sources */ = {isa = PBXBuildFile; fileRef = 2C9E41431C62CFE90053B4D5 /* ToolbarController.m */; };
		2CA9A134101054380060A187 /* PreferencesWindowController.m in Sources */ = {isa = PBXBuildFile; fileRef = 2CA9A132101054380060A187 /* PreferencesWindowController.m */; };
		2CA9A19B101061300060A187 /* ModeIndexTransformer.m in Sources */ = {isa = PBXBuildFile; fileRef = 2CA9A199101061300060A187 /* ModeIndexTransformer.m */; };
		2CA9A1CC10107BEE0060A187 /* ModeIsNotNumberingTransfomer.m in Sources */ = {isa = PBXBuildFile; fileRef = 2CA9A1CA10107BEE0060A187 /* ModeIsNotNumberingTransfomer.m */; };
		2CA9A5EA1013154B0060A187 /* DNDArrayController.m in Sources */ = {isa = PBXBuildFile; fileRef = 2CA9A5E81013154B0060A187 /* DNDArrayController.m */; };
		2CE8016A0F982B1900AD454A /* Carbon.framework in Frameworks */ = {isa = PBXBuildFile; fileRef = 2CE801690F982B1900AD454A /* Carbon.framework */; };
		2CEC259B1C6214B400A64079 /* DonationReminder.framework in Frameworks */ = {isa = PBXBuildFile; fileRef = 2CEC25981C62146D00A64079 /* DonationReminder.framework */; };
		2CEC259C1C6214BE00A64079 /* DonationReminder.framework in CopyFiles */ = {isa = PBXBuildFile; fileRef = 2CEC25981C62146D00A64079 /* DonationReminder.framework */; settings = {ATTRIBUTES = (CodeSignOnCopy, ); }; };
		2CED51C60F986DDC007CD3B4 /* dsa_pub.pem in Resources */ = {isa = PBXBuildFile; fileRef = 2CED51C50F986DDC007CD3B4 /* dsa_pub.pem */; };
		2CEFC3AF10186201003C67DB /* PowerRenamer.icns in Resources */ = {isa = PBXBuildFile; fileRef = 2CEFC3AE10186201003C67DB /* PowerRenamer.icns */; };
		2CEFC78A102174C6003C67DB /* RenameItem.m in Sources */ = {isa = PBXBuildFile; fileRef = 2CEFC788102174C6003C67DB /* RenameItem.m */; };
		2CEFCA521022F6E0003C67DB /* PreviewTableView.m in Sources */ = {isa = PBXBuildFile; fileRef = 2CEFCA501022F6E0003C67DB /* PreviewTableView.m */; };
		2CF96B3F1FEB2D9D000ACAA8 /* InfoPlist.strings in Resources */ = {isa = PBXBuildFile; fileRef = 2CF96B3D1FEB2D9D000ACAA8 /* InfoPlist.strings */; };
		2CF96B421FEB2DAA000ACAA8 /* Localizable.strings in Resources */ = {isa = PBXBuildFile; fileRef = 2CF96B401FEB2DAA000ACAA8 /* Localizable.strings */; };
		2CF96B451FEB2DB0000ACAA8 /* ServicesMenu.strings in Resources */ = {isa = PBXBuildFile; fileRef = 2CF96B431FEB2DB0000ACAA8 /* ServicesMenu.strings */; };
		692EC1052F825F18EFA3F726 /* libPods-PowerRenamer.a in Frameworks */ = {isa = PBXBuildFile; fileRef = 9FD646BA35B239D2B2557C7A /* libPods-PowerRenamer.a */; };
/* End PBXBuildFile section */

/* Begin PBXBuildRule section */
		2C84219A241FC9E100195EEE /* PBXBuildRule */ = {
			isa = PBXBuildRule;
			compilerSpec = com.apple.compilers.proxy.script;
			filePatterns = "*.applescript";
			fileType = pattern.proxy;
			inputFiles = (
			);
			isEditable = 1;
			outputFiles = (
				$TARGET_BUILD_DIR/$UNLOCALIZED_RESOURCES_FOLDER_PATH/$INPUT_FILE_BASE.scpt,
			);
			runOncePerArchitecture = 0;
			script = "# Type a script or drag a script file from your workspace to insert its path.\n#printenv\ncd \"$INPUT_FILE_DIR\"\n/usr/bin/osacompile -l AppleScript -d -o \"$TARGET_BUILD_DIR/$UNLOCALIZED_RESOURCES_FOLDER_PATH/$INPUT_FILE_BASE.scpt\" \"$INPUT_FILE_NAME\"\n";
		};
/* End PBXBuildRule section */

/* Begin PBXContainerItemProxy section */
		2CEC25971C62146D00A64079 /* PBXContainerItemProxy */ = {
			isa = PBXContainerItemProxy;
			containerPortal = 2CEC25931C62146D00A64079 /* DonationReminder.xcodeproj */;
			proxyType = 2;
			remoteGlobalIDString = 2C4A363E19E61FC40031E521;
			remoteInfo = DonationReminder;
		};
		2CEC25991C62148600A64079 /* PBXContainerItemProxy */ = {
			isa = PBXContainerItemProxy;
			containerPortal = 2CEC25931C62146D00A64079 /* DonationReminder.xcodeproj */;
			proxyType = 1;
			remoteGlobalIDString = 2C4A363119E61FC40031E521;
			remoteInfo = DonationReminder;
		};
/* End PBXContainerItemProxy section */

/* Begin PBXCopyFilesBuildPhase section */
		2C85CB750B7B342900C89869 /* CopyFiles */ = {
			isa = PBXCopyFilesBuildPhase;
			buildActionMask = 2147483647;
			dstPath = "";
			dstSubfolderSpec = 10;
			files = (
				2CEC259C1C6214BE00A64079 /* DonationReminder.framework in CopyFiles */,
			);
			runOnlyForDeploymentPostprocessing = 0;
		};
/* End PBXCopyFilesBuildPhase section */

/* Begin PBXFileReference section */
		1058C7A1FEA54F0111CA2CBB /* Cocoa.framework */ = {isa = PBXFileReference; lastKnownFileType = wrapper.framework; name = Cocoa.framework; path = /System/Library/Frameworks/Cocoa.framework; sourceTree = "<absolute>"; };
		2267459931ED55927996FB01 /* Pods-PowerRenamer.debug.xcconfig */ = {isa = PBXFileReference; includeInIndex = 1; lastKnownFileType = text.xcconfig; name = "Pods-PowerRenamer.debug.xcconfig"; path = "Pods/Target Support Files/Pods-PowerRenamer/Pods-PowerRenamer.debug.xcconfig"; sourceTree = "<group>"; };
		29B97316FDCFA39411CA2CEA /* main.m */ = {isa = PBXFileReference; fileEncoding = 30; lastKnownFileType = sourcecode.c.objc; path = main.m; sourceTree = "<group>"; };
		29B97324FDCFA39411CA2CEA /* AppKit.framework */ = {isa = PBXFileReference; lastKnownFileType = wrapper.framework; name = AppKit.framework; path = /System/Library/Frameworks/AppKit.framework; sourceTree = "<absolute>"; };
		29B97325FDCFA39411CA2CEA /* Foundation.framework */ = {isa = PBXFileReference; lastKnownFileType = wrapper.framework; name = Foundation.framework; path = /System/Library/Frameworks/Foundation.framework; sourceTree = "<absolute>"; };
		2C02DFDF1C9A996F00B97137 /* History.rd */ = {isa = PBXFileReference; lastKnownFileType = text; name = History.rd; path = ../History.rd; sourceTree = "<group>"; };
		2C02DFE71C9AA64900B97137 /* Base */ = {isa = PBXFileReference; lastKnownFileType = file.xib; name = Base; path = Base.lproj/MainMenu.xib; sourceTree = "<group>"; };
		2C02DFE91C9AA64900B97137 /* Base */ = {isa = PBXFileReference; lastKnownFileType = file.xib; name = Base; path = Base.lproj/PreferencesWindow.xib; sourceTree = "<group>"; };
		2C02DFEB1C9AA64900B97137 /* Base */ = {isa = PBXFileReference; lastKnownFileType = file.xib; name = Base; path = Base.lproj/RenameWindow.xib; sourceTree = "<group>"; };
		2C061F1310231DAD004E7EDC /* Credits.rtf */ = {isa = PBXFileReference; lastKnownFileType = text.rtf; path = Credits.rtf; sourceTree = "<group>"; };
		2C1B2CCF1C61CEB900C62B86 /* FrontAppMonitor.h */ = {isa = PBXFileReference; fileEncoding = 4; lastKnownFileType = sourcecode.c.h; path = FrontAppMonitor.h; sourceTree = "<group>"; };
		2C1B2CD01C61CEB900C62B86 /* FrontAppMonitor.m */ = {isa = PBXFileReference; fileEncoding = 4; lastKnownFileType = sourcecode.c.objc; path = FrontAppMonitor.m; sourceTree = "<group>"; };
		2C1B2CD11C61CEB900C62B86 /* PaletteWindowController.h */ = {isa = PBXFileReference; fileEncoding = 4; lastKnownFileType = sourcecode.c.h; path = PaletteWindowController.h; sourceTree = "<group>"; };
		2C1B2CD21C61CEB900C62B86 /* PaletteWindowController.m */ = {isa = PBXFileReference; fileEncoding = 4; lastKnownFileType = sourcecode.c.objc; path = PaletteWindowController.m; sourceTree = "<group>"; };
		2C1B2CD31C61CEB900C62B86 /* WindowVisibilityController.h */ = {isa = PBXFileReference; fileEncoding = 4; lastKnownFileType = sourcecode.c.h; path = WindowVisibilityController.h; sourceTree = "<group>"; };
		2C1B2CD41C61CEB900C62B86 /* WindowVisibilityController.m */ = {isa = PBXFileReference; fileEncoding = 4; lastKnownFileType = sourcecode.c.objc; path = WindowVisibilityController.m; sourceTree = "<group>"; };
		2C1B2CD91C61CEB900C62B86 /* PathExtra.h */ = {isa = PBXFileReference; fileEncoding = 4; lastKnownFileType = sourcecode.c.h; path = PathExtra.h; sourceTree = "<group>"; };
		2C1B2CDA1C61CEB900C62B86 /* PathExtra.m */ = {isa = PBXFileReference; fileEncoding = 4; lastKnownFileType = sourcecode.c.objc; path = PathExtra.m; sourceTree = "<group>"; };
		2C1B2CE11C61CF2900C62B86 /* StringExtra.h */ = {isa = PBXFileReference; fileEncoding = 4; lastKnownFileType = sourcecode.c.h; path = StringExtra.h; sourceTree = "<group>"; };
		2C1B2CE21C61CF2900C62B86 /* StringExtra.m */ = {isa = PBXFileReference; fileEncoding = 4; lastKnownFileType = sourcecode.c.objc; path = StringExtra.m; sourceTree = "<group>"; };
		2C219C191991C97D001A2D35 /* FilenameComboBox.h */ = {isa = PBXFileReference; fileEncoding = 4; lastKnownFileType = sourcecode.c.h; path = FilenameComboBox.h; sourceTree = "<group>"; };
		2C219C1A1991C97D001A2D35 /* FilenameComboBox.m */ = {isa = PBXFileReference; fileEncoding = 4; lastKnownFileType = sourcecode.c.objc; path = FilenameComboBox.m; sourceTree = "<group>"; };
		2C278CCE100ECE8C0092CFDE /* AddDummyAtFirstTransformer.m */ = {isa = PBXFileReference; fileEncoding = 4; lastKnownFileType = sourcecode.c.objc; path = AddDummyAtFirstTransformer.m; sourceTree = "<group>"; };
		2C278CCF100ECE8C0092CFDE /* AddDummyAtFirstTransformer.h */ = {isa = PBXFileReference; fileEncoding = 4; lastKnownFileType = sourcecode.c.h; path = AddDummyAtFirstTransformer.h; sourceTree = "<group>"; };
		2C3EC42C200F23EC00AB9246 /* Makefile */ = {isa = PBXFileReference; explicitFileType = sourcecode.make; fileEncoding = 4; lineEnding = 0; path = Makefile; sourceTree = "<group>"; usesTabs = 1; };
		2C447B640FFE2E73009DA83E /* RenameOptionsProtocol.h */ = {isa = PBXFileReference; fileEncoding = 4; lastKnownFileType = sourcecode.c.h; path = RenameOptionsProtocol.h; sourceTree = "<group>"; };
		2C447C3F0FFFABE1009DA83E /* OSAKit.framework */ = {isa = PBXFileReference; lastKnownFileType = wrapper.framework; name = OSAKit.framework; path = /System/Library/Frameworks/OSAKit.framework; sourceTree = "<absolute>"; };
		2C447DBB1000EE36009DA83E /* AltActionButton.h */ = {isa = PBXFileReference; fileEncoding = 4; lastKnownFileType = sourcecode.c.h; path = AltActionButton.h; sourceTree = "<group>"; };
		2C447DBC1000EE36009DA83E /* AltActionButton.m */ = {isa = PBXFileReference; fileEncoding = 4; lastKnownFileType = sourcecode.c.objc; path = AltActionButton.m; sourceTree = "<group>"; };
		2C52396E25F73D8400D8CCA6 /* Media.xcassets */ = {isa = PBXFileReference; lastKnownFileType = folder.assetcatalog; path = Media.xcassets; sourceTree = "<group>"; };
		2C54277B0B7C05B900820867 /* HelpSetup.plist */ = {isa = PBXFileReference; explicitFileType = text.plist; fileEncoding = 0; path = HelpSetup.plist; sourceTree = "<group>"; };
		2C59C4112601A35500774B51 /* PullDownButtonView.h */ = {isa = PBXFileReference; lastKnownFileType = sourcecode.c.h; path = PullDownButtonView.h; sourceTree = "<group>"; };
		2C59C4122601A35500774B51 /* PullDownButtonView.m */ = {isa = PBXFileReference; lastKnownFileType = sourcecode.c.objc; path = PullDownButtonView.m; sourceTree = "<group>"; };
		2C5B7DFF0FF098F700D5ED31 /* RenameWindowController.h */ = {isa = PBXFileReference; fileEncoding = 4; lastKnownFileType = sourcecode.c.h; path = RenameWindowController.h; sourceTree = "<group>"; };
		2C5B7E000FF098F700D5ED31 /* RenameWindowController.m */ = {isa = PBXFileReference; fileEncoding = 4; lastKnownFileType = sourcecode.c.objc; lineEnding = 0; path = RenameWindowController.m; sourceTree = "<group>"; };
		2C5B7E110FF0A39C00D5ED31 /* FinderSelectionController.applescript */ = {isa = PBXFileReference; fileEncoding = 4; lastKnownFileType = sourcecode.applescript; path = FinderSelectionController.applescript; sourceTree = "<group>"; };
		2C5B7E130FF0A44A00D5ED31 /* RenameEngine.h */ = {isa = PBXFileReference; fileEncoding = 4; lastKnownFileType = sourcecode.c.h; path = RenameEngine.h; sourceTree = "<group>"; };
		2C5B7E140FF0A44A00D5ED31 /* RenameEngine.m */ = {isa = PBXFileReference; fileEncoding = 4; lastKnownFileType = sourcecode.c.objc; path = RenameEngine.m; sourceTree = "<group>"; };
		2C79A0881C630A0700D8C63C /* PowerRenamerHelp */ = {isa = PBXFileReference; lastKnownFileType = folder; path = PowerRenamerHelp; sourceTree = SOURCE_ROOT; };
		2C84219C242048CB00195EEE /* PowerRenamer.entitlements */ = {isa = PBXFileReference; lastKnownFileType = text.plist.entitlements; path = PowerRenamer.entitlements; sourceTree = "<group>"; };
		2C85CB7C0B7B342900C89869 /* Info-PowerRenamer.plist */ = {isa = PBXFileReference; explicitFileType = text.plist; fileEncoding = 4; path = "Info-PowerRenamer.plist"; sourceTree = "<group>"; };
		2C85CB7D0B7B342900C89869 /* PowerRenamer.app */ = {isa = PBXFileReference; explicitFileType = wrapper.application; includeInIndex = 0; path = PowerRenamer.app; sourceTree = BUILT_PRODUCTS_DIR; };
		2C85CC210B7B398100C89869 /* FactorySettings.plist */ = {isa = PBXFileReference; fileEncoding = 4; lastKnownFileType = text.plist.xml; path = FactorySettings.plist; sourceTree = "<group>"; };
		2C85CC2E0B7B3A1100C89869 /* AppController.h */ = {isa = PBXFileReference; fileEncoding = 4; lastKnownFileType = sourcecode.c.h; path = AppController.h; sourceTree = "<group>"; };
		2C85CC2F0B7B3A1100C89869 /* AppController.m */ = {isa = PBXFileReference; fileEncoding = 4; lastKnownFileType = sourcecode.c.objc; path = AppController.m; sourceTree = "<group>"; };
		2C9E41421C62CFE80053B4D5 /* ToolbarController.h */ = {isa = PBXFileReference; fileEncoding = 4; lastKnownFileType = sourcecode.c.h; path = ToolbarController.h; sourceTree = "<group>"; };
		2C9E41431C62CFE90053B4D5 /* ToolbarController.m */ = {isa = PBXFileReference; fileEncoding = 4; lastKnownFileType = sourcecode.c.objc; path = ToolbarController.m; sourceTree = "<group>"; };
		2CA9A131101054380060A187 /* PreferencesWindowController.h */ = {isa = PBXFileReference; fileEncoding = 4; lastKnownFileType = sourcecode.c.h; path = PreferencesWindowController.h; sourceTree = "<group>"; };
		2CA9A132101054380060A187 /* PreferencesWindowController.m */ = {isa = PBXFileReference; fileEncoding = 4; lastKnownFileType = sourcecode.c.objc; path = PreferencesWindowController.m; sourceTree = "<group>"; };
		2CA9A198101061300060A187 /* ModeIndexTransformer.h */ = {isa = PBXFileReference; fileEncoding = 4; lastKnownFileType = sourcecode.c.h; path = ModeIndexTransformer.h; sourceTree = "<group>"; };
		2CA9A199101061300060A187 /* ModeIndexTransformer.m */ = {isa = PBXFileReference; fileEncoding = 4; lastKnownFileType = sourcecode.c.objc; path = ModeIndexTransformer.m; sourceTree = "<group>"; };
		2CA9A1C910107BEE0060A187 /* ModeIsNotNumberingTransfomer.h */ = {isa = PBXFileReference; fileEncoding = 4; lastKnownFileType = sourcecode.c.h; path = ModeIsNotNumberingTransfomer.h; sourceTree = "<group>"; };
		2CA9A1CA10107BEE0060A187 /* ModeIsNotNumberingTransfomer.m */ = {isa = PBXFileReference; fileEncoding = 4; lastKnownFileType = sourcecode.c.objc; path = ModeIsNotNumberingTransfomer.m; sourceTree = "<group>"; };
		2CA9A5E81013154B0060A187 /* DNDArrayController.m */ = {isa = PBXFileReference; fileEncoding = 4; lastKnownFileType = sourcecode.c.objc; path = DNDArrayController.m; sourceTree = "<group>"; };
		2CA9A5E91013154B0060A187 /* DNDArrayController.h */ = {isa = PBXFileReference; fileEncoding = 4; lastKnownFileType = sourcecode.c.h; path = DNDArrayController.h; sourceTree = "<group>"; };
		2CB0F319100D65A60006899A /* wizard32.png */ = {isa = PBXFileReference; lastKnownFileType = image.png; path = wizard32.png; sourceTree = "<group>"; };
		2CE801690F982B1900AD454A /* Carbon.framework */ = {isa = PBXFileReference; lastKnownFileType = wrapper.framework; name = Carbon.framework; path = /System/Library/Frameworks/Carbon.framework; sourceTree = "<absolute>"; };
		2CEB2DDF1FF098F800DD7D6A /* plus.icns */ = {isa = PBXFileReference; lastKnownFileType = image.icns; path = plus.icns; sourceTree = "<group>"; };
		2CEB2DE11FF0992400DD7D6A /* minus.icns */ = {isa = PBXFileReference; lastKnownFileType = image.icns; path = minus.icns; sourceTree = "<group>"; };
		2CEB2DE31FF099F800DD7D6A /* plus-small.icns */ = {isa = PBXFileReference; lastKnownFileType = image.icns; path = "plus-small.icns"; sourceTree = "<group>"; };
		2CEB2DEE1FF0CE9300DD7D6A /* wizard32@2x.png */ = {isa = PBXFileReference; lastKnownFileType = image.png; path = "wizard32@2x.png"; sourceTree = "<group>"; };
		2CEB2DF01FF0D2AA00DD7D6A /* pulldown_arrow_small.png */ = {isa = PBXFileReference; lastKnownFileType = image.png; path = pulldown_arrow_small.png; sourceTree = "<group>"; };
		2CEB2DF21FF0D33900DD7D6A /* pulldown_arrow_small@2x.png */ = {isa = PBXFileReference; lastKnownFileType = image.png; path = "pulldown_arrow_small@2x.png"; sourceTree = "<group>"; };
		2CEC25931C62146D00A64079 /* DonationReminder.xcodeproj */ = {isa = PBXFileReference; lastKnownFileType = "wrapper.pb-project"; name = DonationReminder.xcodeproj; path = DonationReminder/DonationReminder.xcodeproj; sourceTree = "<group>"; };
		2CED51C50F986DDC007CD3B4 /* dsa_pub.pem */ = {isa = PBXFileReference; fileEncoding = 4; lastKnownFileType = text; path = dsa_pub.pem; sourceTree = "<group>"; };
		2CEFC3AE10186201003C67DB /* PowerRenamer.icns */ = {isa = PBXFileReference; lastKnownFileType = image.icns; path = PowerRenamer.icns; sourceTree = "<group>"; };
		2CEFC787102174C6003C67DB /* RenameItem.h */ = {isa = PBXFileReference; fileEncoding = 4; lastKnownFileType = sourcecode.c.h; path = RenameItem.h; sourceTree = "<group>"; };
		2CEFC788102174C6003C67DB /* RenameItem.m */ = {isa = PBXFileReference; fileEncoding = 4; lastKnownFileType = sourcecode.c.objc; path = RenameItem.m; sourceTree = "<group>"; };
		2CEFC9681022C9D8003C67DB /* DNDArrayControllerDataTypesProtocol.h */ = {isa = PBXFileReference; fileEncoding = 4; lastKnownFileType = sourcecode.c.h; path = DNDArrayControllerDataTypesProtocol.h; sourceTree = "<group>"; };
		2CEFCA4F1022F6E0003C67DB /* PreviewTableView.h */ = {isa = PBXFileReference; fileEncoding = 4; lastKnownFileType = sourcecode.c.h; path = PreviewTableView.h; sourceTree = "<group>"; };
		2CEFCA501022F6E0003C67DB /* PreviewTableView.m */ = {isa = PBXFileReference; fileEncoding = 4; lastKnownFileType = sourcecode.c.objc; path = PreviewTableView.m; sourceTree = "<group>"; };
		2CF96B381FEA8113000ACAA8 /* Base */ = {isa = PBXFileReference; lastKnownFileType = text.plist.strings; name = Base; path = Base.lproj/PathExtra_Localizable.strings; sourceTree = "<group>"; };
		2CF96B391FEA81F5000ACAA8 /* ja */ = {isa = PBXFileReference; lastKnownFileType = text.plist.strings; name = ja; path = ja.lproj/MainMenu.strings; sourceTree = "<group>"; };
		2CF96B3A1FEA81F5000ACAA8 /* ja */ = {isa = PBXFileReference; lastKnownFileType = text.plist.strings; name = ja; path = ja.lproj/PreferencesWindow.strings; sourceTree = "<group>"; };
		2CF96B3B1FEA81F5000ACAA8 /* ja */ = {isa = PBXFileReference; lastKnownFileType = text.plist.strings; name = ja; path = ja.lproj/RenameWindow.strings; sourceTree = "<group>"; };
		2CF96B3C1FEA8204000ACAA8 /* ja */ = {isa = PBXFileReference; fileEncoding = 4; lastKnownFileType = text.plist.strings; name = ja; path = ja.lproj/PathExtra_Localizable.strings; sourceTree = "<group>"; };
		2CF96B3E1FEB2D9D000ACAA8 /* ja */ = {isa = PBXFileReference; fileEncoding = 10; lastKnownFileType = text.plist.strings; name = ja; path = ja.lproj/InfoPlist.strings; sourceTree = "<group>"; };
		2CF96B411FEB2DAA000ACAA8 /* ja */ = {isa = PBXFileReference; fileEncoding = 4; lastKnownFileType = text.plist.strings; name = ja; path = ja.lproj/Localizable.strings; sourceTree = "<group>"; };
		2CF96B441FEB2DB0000ACAA8 /* ja */ = {isa = PBXFileReference; fileEncoding = 4; lastKnownFileType = text.plist.strings; name = ja; path = ja.lproj/ServicesMenu.strings; sourceTree = "<group>"; };
		6C60E48CDE2E9C6FB6EB212F /* Pods-PowerRenamer.default.xcconfig */ = {isa = PBXFileReference; includeInIndex = 1; lastKnownFileType = text.xcconfig; name = "Pods-PowerRenamer.default.xcconfig"; path = "Pods/Target Support Files/Pods-PowerRenamer/Pods-PowerRenamer.default.xcconfig"; sourceTree = "<group>"; };
		9FD646BA35B239D2B2557C7A /* libPods-PowerRenamer.a */ = {isa = PBXFileReference; explicitFileType = archive.ar; includeInIndex = 0; path = "libPods-PowerRenamer.a"; sourceTree = BUILT_PRODUCTS_DIR; };
		E0176A249BD11355BC080114 /* Pods-PowerRenamer.release.xcconfig */ = {isa = PBXFileReference; includeInIndex = 1; lastKnownFileType = text.xcconfig; name = "Pods-PowerRenamer.release.xcconfig"; path = "Pods/Target Support Files/Pods-PowerRenamer/Pods-PowerRenamer.release.xcconfig"; sourceTree = "<group>"; };
/* End PBXFileReference section */

/* Begin PBXFrameworksBuildPhase section */
		2C85CB700B7B342900C89869 /* Frameworks */ = {
			isa = PBXFrameworksBuildPhase;
			buildActionMask = 2147483647;
			files = (
				2CEC259B1C6214B400A64079 /* DonationReminder.framework in Frameworks */,
				2C85CB710B7B342900C89869 /* Cocoa.framework in Frameworks */,
				2CE8016A0F982B1900AD454A /* Carbon.framework in Frameworks */,
				2C447C400FFFABE1009DA83E /* OSAKit.framework in Frameworks */,
				692EC1052F825F18EFA3F726 /* libPods-PowerRenamer.a in Frameworks */,
			);
			runOnlyForDeploymentPostprocessing = 0;
		};
/* End PBXFrameworksBuildPhase section */

/* Begin PBXGroup section */
		080E96DDFE201D6D7F000001 /* Scripts */ = {
			isa = PBXGroup;
			children = (
				2C5B7E110FF0A39C00D5ED31 /* FinderSelectionController.applescript */,
			);
			name = Scripts;
			sourceTree = "<group>";
		};
		1058C7A0FEA54F0111CA2CBB /* Linked Frameworks */ = {
			isa = PBXGroup;
			children = (
				2C447C3F0FFFABE1009DA83E /* OSAKit.framework */,
				2CE801690F982B1900AD454A /* Carbon.framework */,
				1058C7A1FEA54F0111CA2CBB /* Cocoa.framework */,
			);
			name = "Linked Frameworks";
			sourceTree = "<group>";
		};
		1058C7A2FEA54F0111CA2CBB /* Other Frameworks */ = {
			isa = PBXGroup;
			children = (
				29B97325FDCFA39411CA2CEA /* Foundation.framework */,
				29B97324FDCFA39411CA2CEA /* AppKit.framework */,
			);
			name = "Other Frameworks";
			sourceTree = "<group>";
		};
		19C28FACFE9D520D11CA2CBB /* Products */ = {
			isa = PBXGroup;
			children = (
				2C85CB7D0B7B342900C89869 /* PowerRenamer.app */,
			);
			name = Products;
			sourceTree = "<group>";
		};
		29B97314FDCFA39411CA2CEA /* Application */ = {
			isa = PBXGroup;
			children = (
				2C84219C242048CB00195EEE /* PowerRenamer.entitlements */,
				2C3EC42C200F23EC00AB9246 /* Makefile */,
				2C02DFDF1C9A996F00B97137 /* History.rd */,
				2C5B7DE80FF0985F00D5ED31 /* Classes */,
				080E96DDFE201D6D7F000001 /* Scripts */,
				2C1B2CCE1C61CEB900C62B86 /* PaletteWindowController */,
				2C1B2CD51C61CEB900C62B86 /* PathExtra */,
				2C1B2CE01C61CF2900C62B86 /* StringExtra */,
				29B97317FDCFA39411CA2CEA /* Resources */,
				29B97315FDCFA39411CA2CEA /* Other Sources */,
				29B97323FDCFA39411CA2CEA /* Frameworks */,
				19C28FACFE9D520D11CA2CBB /* Products */,
				2CEC25931C62146D00A64079 /* DonationReminder.xcodeproj */,
				9B9782D3BC4D852AEF727C6F /* Pods */,
			);
			name = Application;
			sourceTree = "<group>";
		};
		29B97315FDCFA39411CA2CEA /* Other Sources */ = {
			isa = PBXGroup;
			children = (
				29B97316FDCFA39411CA2CEA /* main.m */,
			);
			name = "Other Sources";
			sourceTree = "<group>";
		};
		29B97317FDCFA39411CA2CEA /* Resources */ = {
			isa = PBXGroup;
			children = (
				2CF96B431FEB2DB0000ACAA8 /* ServicesMenu.strings */,
				2CF96B401FEB2DAA000ACAA8 /* Localizable.strings */,
				2CF96B3D1FEB2D9D000ACAA8 /* InfoPlist.strings */,
				2C02DFE61C9AA64900B97137 /* MainMenu.xib */,
				2C02DFE81C9AA64900B97137 /* PreferencesWindow.xib */,
				2C02DFEA1C9AA64900B97137 /* RenameWindow.xib */,
				2CEB2DF01FF0D2AA00DD7D6A /* pulldown_arrow_small.png */,
				2CEB2DF21FF0D33900DD7D6A /* pulldown_arrow_small@2x.png */,
				2CEFC3AE10186201003C67DB /* PowerRenamer.icns */,
				2CEB2DE11FF0992400DD7D6A /* minus.icns */,
				2CEB2DDF1FF098F800DD7D6A /* plus.icns */,
				2CEB2DE31FF099F800DD7D6A /* plus-small.icns */,
				2CB0F319100D65A60006899A /* wizard32.png */,
				2CEB2DEE1FF0CE9300DD7D6A /* wizard32@2x.png */,
				2CED51C50F986DDC007CD3B4 /* dsa_pub.pem */,
				2C061F1310231DAD004E7EDC /* Credits.rtf */,
				2C54277B0B7C05B900820867 /* HelpSetup.plist */,
				2C85CB7C0B7B342900C89869 /* Info-PowerRenamer.plist */,
				2C85CC210B7B398100C89869 /* FactorySettings.plist */,
				2C79A0881C630A0700D8C63C /* PowerRenamerHelp */,
				2C52396E25F73D8400D8CCA6 /* Media.xcassets */,
			);
			name = Resources;
			sourceTree = "<group>";
		};
		29B97323FDCFA39411CA2CEA /* Frameworks */ = {
			isa = PBXGroup;
			children = (
				1058C7A0FEA54F0111CA2CBB /* Linked Frameworks */,
				1058C7A2FEA54F0111CA2CBB /* Other Frameworks */,
				9FD646BA35B239D2B2557C7A /* libPods-PowerRenamer.a */,
			);
			name = Frameworks;
			sourceTree = "<group>";
		};
		2C1B2CCE1C61CEB900C62B86 /* PaletteWindowController */ = {
			isa = PBXGroup;
			children = (
				2C1B2CCF1C61CEB900C62B86 /* FrontAppMonitor.h */,
				2C1B2CD01C61CEB900C62B86 /* FrontAppMonitor.m */,
				2C1B2CD11C61CEB900C62B86 /* PaletteWindowController.h */,
				2C1B2CD21C61CEB900C62B86 /* PaletteWindowController.m */,
				2C1B2CD31C61CEB900C62B86 /* WindowVisibilityController.h */,
				2C1B2CD41C61CEB900C62B86 /* WindowVisibilityController.m */,
			);
			path = PaletteWindowController;
			sourceTree = "<group>";
		};
		2C1B2CD51C61CEB900C62B86 /* PathExtra */ = {
			isa = PBXGroup;
			children = (
				2C1B2CD61C61CEB900C62B86 /* PathExtra_Localizable.strings */,
				2C1B2CD91C61CEB900C62B86 /* PathExtra.h */,
				2C1B2CDA1C61CEB900C62B86 /* PathExtra.m */,
			);
			path = PathExtra;
			sourceTree = "<group>";
		};
		2C1B2CE01C61CF2900C62B86 /* StringExtra */ = {
			isa = PBXGroup;
			children = (
				2C1B2CE11C61CF2900C62B86 /* StringExtra.h */,
				2C1B2CE21C61CF2900C62B86 /* StringExtra.m */,
			);
			path = StringExtra;
			sourceTree = "<group>";
		};
		2C5B7DE80FF0985F00D5ED31 /* Classes */ = {
			isa = PBXGroup;
			children = (
				2CEFCA4F1022F6E0003C67DB /* PreviewTableView.h */,
				2CEFCA501022F6E0003C67DB /* PreviewTableView.m */,
				2CA9A5E91013154B0060A187 /* DNDArrayController.h */,
				2CA9A5E81013154B0060A187 /* DNDArrayController.m */,
				2C278CCE100ECE8C0092CFDE /* AddDummyAtFirstTransformer.m */,
				2C278CCF100ECE8C0092CFDE /* AddDummyAtFirstTransformer.h */,
				2C447DBB1000EE36009DA83E /* AltActionButton.h */,
				2C447DBC1000EE36009DA83E /* AltActionButton.m */,
				2C85CC2E0B7B3A1100C89869 /* AppController.h */,
				2C85CC2F0B7B3A1100C89869 /* AppController.m */,
				2C5B7DFF0FF098F700D5ED31 /* RenameWindowController.h */,
				2C5B7E000FF098F700D5ED31 /* RenameWindowController.m */,
				2C5B7E130FF0A44A00D5ED31 /* RenameEngine.h */,
				2C5B7E140FF0A44A00D5ED31 /* RenameEngine.m */,
				2C447B640FFE2E73009DA83E /* RenameOptionsProtocol.h */,
				2CA9A131101054380060A187 /* PreferencesWindowController.h */,
				2CA9A132101054380060A187 /* PreferencesWindowController.m */,
				2CA9A198101061300060A187 /* ModeIndexTransformer.h */,
				2CA9A199101061300060A187 /* ModeIndexTransformer.m */,
				2CA9A1C910107BEE0060A187 /* ModeIsNotNumberingTransfomer.h */,
				2CA9A1CA10107BEE0060A187 /* ModeIsNotNumberingTransfomer.m */,
				2CEFC787102174C6003C67DB /* RenameItem.h */,
				2CEFC788102174C6003C67DB /* RenameItem.m */,
				2CEFC9681022C9D8003C67DB /* DNDArrayControllerDataTypesProtocol.h */,
				2C219C191991C97D001A2D35 /* FilenameComboBox.h */,
				2C219C1A1991C97D001A2D35 /* FilenameComboBox.m */,
				2C9E41421C62CFE80053B4D5 /* ToolbarController.h */,
				2C9E41431C62CFE90053B4D5 /* ToolbarController.m */,
				2C59C4112601A35500774B51 /* PullDownButtonView.h */,
				2C59C4122601A35500774B51 /* PullDownButtonView.m */,
			);
			name = Classes;
			sourceTree = "<group>";
		};
		2CEC25941C62146D00A64079 /* Products */ = {
			isa = PBXGroup;
			children = (
				2CEC25981C62146D00A64079 /* DonationReminder.framework */,
			);
			name = Products;
			sourceTree = "<group>";
		};
		9B9782D3BC4D852AEF727C6F /* Pods */ = {
			isa = PBXGroup;
			children = (
				2267459931ED55927996FB01 /* Pods-PowerRenamer.debug.xcconfig */,
				E0176A249BD11355BC080114 /* Pods-PowerRenamer.release.xcconfig */,
				6C60E48CDE2E9C6FB6EB212F /* Pods-PowerRenamer.default.xcconfig */,
			);
			name = Pods;
			sourceTree = "<group>";
		};
/* End PBXGroup section */

/* Begin PBXNativeTarget section */
		2C85CB620B7B342900C89869 /* PowerRenamer */ = {
			isa = PBXNativeTarget;
			buildConfigurationList = 2C85CB770B7B342900C89869 /* Build configuration list for PBXNativeTarget "PowerRenamer" */;
			buildPhases = (
				8CB212C72875807E230060AA /* [CP] Check Pods Manifest.lock */,
				2C85CB690B7B342900C89869 /* Resources */,
				2C85CB6D0B7B342900C89869 /* Sources */,
				2C85CB700B7B342900C89869 /* Frameworks */,
				2C85CB750B7B342900C89869 /* CopyFiles */,
				2C85CB740B7B342900C89869 /* ShellScript */,
				740E1FA621D66155953EAB76 /* [CP] Embed Pods Frameworks */,
				2CAF8326242374C600310E7A /* ShellScript */,
			);
			buildRules = (
				2C84219A241FC9E100195EEE /* PBXBuildRule */,
			);
			dependencies = (
				2CEC259A1C62148600A64079 /* PBXTargetDependency */,
			);
			name = PowerRenamer;
			productInstallPath = "$(HOME)/Applications";
			productName = Application;
			productReference = 2C85CB7D0B7B342900C89869 /* PowerRenamer.app */;
			productType = "com.apple.product-type.application";
		};
/* End PBXNativeTarget section */

/* Begin PBXProject section */
		29B97313FDCFA39411CA2CEA /* Project object */ = {
			isa = PBXProject;
			attributes = {
				LastUpgradeCheck = 1130;
			};
			buildConfigurationList = 2C85C6D90B7B114200C89869 /* Build configuration list for PBXProject "PowerRenamer" */;
			compatibilityVersion = "Xcode 10.0";
			developmentRegion = English;
			hasScannedForEncodings = 1;
			knownRegions = (
				English,
				Base,
				ja,
			);
			mainGroup = 29B97314FDCFA39411CA2CEA /* Application */;
			productRefGroup = 19C28FACFE9D520D11CA2CBB /* Products */;
			projectDirPath = "";
			projectReferences = (
				{
					ProductGroup = 2CEC25941C62146D00A64079 /* Products */;
					ProjectRef = 2CEC25931C62146D00A64079 /* DonationReminder.xcodeproj */;
				},
			);
			projectRoot = "";
			targets = (
				2C85CB620B7B342900C89869 /* PowerRenamer */,
			);
		};
/* End PBXProject section */

/* Begin PBXReferenceProxy section */
		2CEC25981C62146D00A64079 /* DonationReminder.framework */ = {
			isa = PBXReferenceProxy;
			fileType = wrapper.framework;
			path = DonationReminder.framework;
			remoteRef = 2CEC25971C62146D00A64079 /* PBXContainerItemProxy */;
			sourceTree = BUILT_PRODUCTS_DIR;
		};
/* End PBXReferenceProxy section */

/* Begin PBXResourcesBuildPhase section */
		2C85CB690B7B342900C89869 /* Resources */ = {
			isa = PBXResourcesBuildPhase;
			buildActionMask = 2147483647;
			files = (
				2CF96B421FEB2DAA000ACAA8 /* Localizable.strings in Resources */,
				2C85CC220B7B398100C89869 /* FactorySettings.plist in Resources */,
				2CF96B3F1FEB2D9D000ACAA8 /* InfoPlist.strings in Resources */,
				2C54277C0B7C05B900820867 /* HelpSetup.plist in Resources */,
				2CED51C60F986DDC007CD3B4 /* dsa_pub.pem in Resources */,
				2CEFC3AF10186201003C67DB /* PowerRenamer.icns in Resources */,
				2CF96B451FEB2DB0000ACAA8 /* ServicesMenu.strings in Resources */,
				2C061F1410231DAD004E7EDC /* Credits.rtf in Resources */,
				2C1B2CDE1C61CEB900C62B86 /* PathExtra_Localizable.strings in Resources */,
				2C52396F25F73D8400D8CCA6 /* Media.xcassets in Resources */,
				2C79A0891C630A0700D8C63C /* PowerRenamerHelp in Resources */,
				2C02DFEC1C9AA64900B97137 /* MainMenu.xib in Resources */,
				2C02DFED1C9AA64900B97137 /* PreferencesWindow.xib in Resources */,
				2C02DFEE1C9AA64900B97137 /* RenameWindow.xib in Resources */,
			);
			runOnlyForDeploymentPostprocessing = 0;
		};
/* End PBXResourcesBuildPhase section */

/* Begin PBXShellScriptBuildPhase section */
		2C85CB740B7B342900C89869 /* ShellScript */ = {
			isa = PBXShellScriptBuildPhase;
			buildActionMask = 8;
			files = (
			);
			inputPaths = (
			);
			outputPaths = (
			);
			runOnlyForDeploymentPostprocessing = 1;
			shellPath = "/bin/zsh -l";
			shellScript = "if [ ! \"$CONFIGURATION\" = 'Release' ]; then\necho \"HelpBook setup script will run only with Release configuration\";\nexit 0\nfi\n\ncd \"$BUILT_PRODUCTS_DIR\"\nSetupHelpBook \"$FULL_PRODUCT_NAME\"\n";
			showEnvVarsInLog = 0;
		};
		2CAF8326242374C600310E7A /* ShellScript */ = {
			isa = PBXShellScriptBuildPhase;
			buildActionMask = 2147483647;
			files = (
			);
			inputFileListPaths = (
			);
			inputPaths = (
			);
			outputFileListPaths = (
			);
			outputPaths = (
			);
			runOnlyForDeploymentPostprocessing = 0;
			shellPath = /bin/sh;
			shellScript = "codesign --verbose --force --deep -o runtime \\\n--sign \"${EXPANDED_CODE_SIGN_IDENTITY_NAME}\" \\\n\"${BUILT_PRODUCTS_DIR}/${WRAPPER_NAME}/Contents/Frameworks/Sparkle.framework/Versions/A/Resources/AutoUpdate.app\"\n";
			showEnvVarsInLog = 0;
		};
		740E1FA621D66155953EAB76 /* [CP] Embed Pods Frameworks */ = {
			isa = PBXShellScriptBuildPhase;
			buildActionMask = 2147483647;
			files = (
			);
			inputPaths = (
				"${SRCROOT}/Pods/Target Support Files/Pods-PowerRenamer/Pods-PowerRenamer-frameworks.sh",
				"${PODS_ROOT}/Sparkle/Sparkle.framework",
				"${PODS_ROOT}/Sparkle/Sparkle.framework.dSYM",
			);
			name = "[CP] Embed Pods Frameworks";
			outputPaths = (
				"${TARGET_BUILD_DIR}/${FRAMEWORKS_FOLDER_PATH}/Sparkle.framework",
				"${DWARF_DSYM_FOLDER_PATH}/Sparkle.framework.dSYM",
			);
			runOnlyForDeploymentPostprocessing = 0;
			shellPath = /bin/sh;
			shellScript = "\"${SRCROOT}/Pods/Target Support Files/Pods-PowerRenamer/Pods-PowerRenamer-frameworks.sh\"\n";
			showEnvVarsInLog = 0;
		};
		8CB212C72875807E230060AA /* [CP] Check Pods Manifest.lock */ = {
			isa = PBXShellScriptBuildPhase;
			buildActionMask = 2147483647;
			files = (
			);
			inputPaths = (
				"${PODS_PODFILE_DIR_PATH}/Podfile.lock",
				"${PODS_ROOT}/Manifest.lock",
			);
			name = "[CP] Check Pods Manifest.lock";
			outputPaths = (
				"$(DERIVED_FILE_DIR)/Pods-PowerRenamer-checkManifestLockResult.txt",
			);
			runOnlyForDeploymentPostprocessing = 0;
			shellPath = /bin/sh;
			shellScript = "diff \"${PODS_PODFILE_DIR_PATH}/Podfile.lock\" \"${PODS_ROOT}/Manifest.lock\" > /dev/null\nif [ $? != 0 ] ; then\n    # print error to STDERR\n    echo \"error: The sandbox is not in sync with the Podfile.lock. Run 'pod install' or update your CocoaPods installation.\" >&2\n    exit 1\nfi\n# This output is used by Xcode 'outputs' to avoid re-running this script phase.\necho \"SUCCESS\" > \"${SCRIPT_OUTPUT_FILE_0}\"\n";
			showEnvVarsInLog = 0;
		};
/* End PBXShellScriptBuildPhase section */

/* Begin PBXSourcesBuildPhase section */
		2C85CB6D0B7B342900C89869 /* Sources */ = {
			isa = PBXSourcesBuildPhase;
			buildActionMask = 2147483647;
			files = (
				2C5B7E120FF0A39C00D5ED31 /* FinderSelectionController.applescript in Sources */,
				2C85CB6E0B7B342900C89869 /* main.m in Sources */,
				2C85CC310B7B3A1100C89869 /* AppController.m in Sources */,
				2C5B7E020FF098F700D5ED31 /* RenameWindowController.m in Sources */,
				2C5B7E160FF0A44A00D5ED31 /* RenameEngine.m in Sources */,
				2C447DBE1000EE36009DA83E /* AltActionButton.m in Sources */,
				2C278CD0100ECE8C0092CFDE /* AddDummyAtFirstTransformer.m in Sources */,
				2CA9A134101054380060A187 /* PreferencesWindowController.m in Sources */,
				2CA9A19B101061300060A187 /* ModeIndexTransformer.m in Sources */,
				2CA9A1CC10107BEE0060A187 /* ModeIsNotNumberingTransfomer.m in Sources */,
				2CA9A5EA1013154B0060A187 /* DNDArrayController.m in Sources */,
				2CEFC78A102174C6003C67DB /* RenameItem.m in Sources */,
				2CEFCA521022F6E0003C67DB /* PreviewTableView.m in Sources */,
				2C219C1B1991C97D001A2D35 /* FilenameComboBox.m in Sources */,
				2C59C4132601A35500774B51 /* PullDownButtonView.m in Sources */,
				2C1B2CDB1C61CEB900C62B86 /* FrontAppMonitor.m in Sources */,
				2C1B2CDC1C61CEB900C62B86 /* PaletteWindowController.m in Sources */,
				2C1B2CDD1C61CEB900C62B86 /* WindowVisibilityController.m in Sources */,
				2C1B2CDF1C61CEB900C62B86 /* PathExtra.m in Sources */,
				2C1B2CE31C61CF2900C62B86 /* StringExtra.m in Sources */,
				2C9E41441C62CFE90053B4D5 /* ToolbarController.m in Sources */,
			);
			runOnlyForDeploymentPostprocessing = 0;
		};
/* End PBXSourcesBuildPhase section */

/* Begin PBXTargetDependency section */
		2CEC259A1C62148600A64079 /* PBXTargetDependency */ = {
			isa = PBXTargetDependency;
			name = DonationReminder;
			targetProxy = 2CEC25991C62148600A64079 /* PBXContainerItemProxy */;
		};
/* End PBXTargetDependency section */

/* Begin PBXVariantGroup section */
		2C02DFE61C9AA64900B97137 /* MainMenu.xib */ = {
			isa = PBXVariantGroup;
			children = (
				2C02DFE71C9AA64900B97137 /* Base */,
				2CF96B391FEA81F5000ACAA8 /* ja */,
			);
			name = MainMenu.xib;
			sourceTree = "<group>";
		};
		2C02DFE81C9AA64900B97137 /* PreferencesWindow.xib */ = {
			isa = PBXVariantGroup;
			children = (
				2C02DFE91C9AA64900B97137 /* Base */,
				2CF96B3A1FEA81F5000ACAA8 /* ja */,
			);
			name = PreferencesWindow.xib;
			sourceTree = "<group>";
		};
		2C02DFEA1C9AA64900B97137 /* RenameWindow.xib */ = {
			isa = PBXVariantGroup;
			children = (
				2C02DFEB1C9AA64900B97137 /* Base */,
				2CF96B3B1FEA81F5000ACAA8 /* ja */,
			);
			name = RenameWindow.xib;
			sourceTree = "<group>";
		};
		2C1B2CD61C61CEB900C62B86 /* PathExtra_Localizable.strings */ = {
			isa = PBXVariantGroup;
			children = (
				2CF96B381FEA8113000ACAA8 /* Base */,
				2CF96B3C1FEA8204000ACAA8 /* ja */,
			);
			name = PathExtra_Localizable.strings;
			sourceTree = "<group>";
		};
		2CF96B3D1FEB2D9D000ACAA8 /* InfoPlist.strings */ = {
			isa = PBXVariantGroup;
			children = (
				2CF96B3E1FEB2D9D000ACAA8 /* ja */,
			);
			name = InfoPlist.strings;
			sourceTree = "<group>";
		};
		2CF96B401FEB2DAA000ACAA8 /* Localizable.strings */ = {
			isa = PBXVariantGroup;
			children = (
				2CF96B411FEB2DAA000ACAA8 /* ja */,
			);
			name = Localizable.strings;
			sourceTree = "<group>";
		};
		2CF96B431FEB2DB0000ACAA8 /* ServicesMenu.strings */ = {
			isa = PBXVariantGroup;
			children = (
				2CF96B441FEB2DB0000ACAA8 /* ja */,
			);
			name = ServicesMenu.strings;
			sourceTree = "<group>";
		};
/* End PBXVariantGroup section */

/* Begin XCBuildConfiguration section */
		2C85C6DA0B7B114200C89869 /* Debug */ = {
			isa = XCBuildConfiguration;
			buildSettings = {
				ALWAYS_SEARCH_USER_PATHS = NO;
				CLANG_ANALYZER_LOCALIZABILITY_NONLOCALIZED = YES;
				CLANG_WARN_BLOCK_CAPTURE_AUTORELEASING = YES;
				CLANG_WARN_BOOL_CONVERSION = YES;
				CLANG_WARN_COMMA = YES;
				CLANG_WARN_CONSTANT_CONVERSION = YES;
				CLANG_WARN_DEPRECATED_OBJC_IMPLEMENTATIONS = YES;
				CLANG_WARN_EMPTY_BODY = YES;
				CLANG_WARN_ENUM_CONVERSION = YES;
				CLANG_WARN_INFINITE_RECURSION = YES;
				CLANG_WARN_INT_CONVERSION = YES;
				CLANG_WARN_NON_LITERAL_NULL_CONVERSION = YES;
				CLANG_WARN_OBJC_IMPLICIT_RETAIN_SELF = YES;
				CLANG_WARN_OBJC_LITERAL_CONVERSION = YES;
				CLANG_WARN_RANGE_LOOP_ANALYSIS = YES;
				CLANG_WARN_STRICT_PROTOTYPES = YES;
				CLANG_WARN_SUSPICIOUS_MOVE = YES;
				CLANG_WARN_UNREACHABLE_CODE = YES;
				CLANG_WARN__DUPLICATE_METHOD_MATCH = YES;
				CODE_SIGN_IDENTITY = "";
				COPYRIGHT = "Copyright 1999-2020, Kurita Tetsuro";
				ENABLE_STRICT_OBJC_MSGSEND = YES;
				ENABLE_TESTABILITY = YES;
				GCC_NO_COMMON_BLOCKS = YES;
				GCC_WARN_64_TO_32_BIT_CONVERSION = YES;
				GCC_WARN_ABOUT_RETURN_TYPE = YES;
				GCC_WARN_UNDECLARED_SELECTOR = YES;
				GCC_WARN_UNINITIALIZED_AUTOS = YES;
				GCC_WARN_UNUSED_FUNCTION = YES;
				GCC_WARN_UNUSED_VARIABLE = YES;
				MACOSX_DEPLOYMENT_TARGET = 10.9;
				ONLY_ACTIVE_ARCH = YES;
				SDKROOT = macosx;
			};
			name = Debug;
		};
		2C85C6DB0B7B114200C89869 /* Release */ = {
			isa = XCBuildConfiguration;
			buildSettings = {
				ALWAYS_SEARCH_USER_PATHS = NO;
				CLANG_ANALYZER_LOCALIZABILITY_NONLOCALIZED = YES;
				CLANG_WARN_BLOCK_CAPTURE_AUTORELEASING = YES;
				CLANG_WARN_BOOL_CONVERSION = YES;
				CLANG_WARN_COMMA = YES;
				CLANG_WARN_CONSTANT_CONVERSION = YES;
				CLANG_WARN_DEPRECATED_OBJC_IMPLEMENTATIONS = YES;
				CLANG_WARN_EMPTY_BODY = YES;
				CLANG_WARN_ENUM_CONVERSION = YES;
				CLANG_WARN_INFINITE_RECURSION = YES;
				CLANG_WARN_INT_CONVERSION = YES;
				CLANG_WARN_NON_LITERAL_NULL_CONVERSION = YES;
				CLANG_WARN_OBJC_IMPLICIT_RETAIN_SELF = YES;
				CLANG_WARN_OBJC_LITERAL_CONVERSION = YES;
				CLANG_WARN_RANGE_LOOP_ANALYSIS = YES;
				CLANG_WARN_STRICT_PROTOTYPES = YES;
				CLANG_WARN_SUSPICIOUS_MOVE = YES;
				CLANG_WARN_UNREACHABLE_CODE = YES;
				CLANG_WARN__DUPLICATE_METHOD_MATCH = YES;
				CODE_SIGN_IDENTITY = "";
				COPYRIGHT = "Copyright 1999-2020, Kurita Tetsuro";
				ENABLE_STRICT_OBJC_MSGSEND = YES;
				GCC_NO_COMMON_BLOCKS = YES;
				GCC_WARN_64_TO_32_BIT_CONVERSION = YES;
				GCC_WARN_ABOUT_RETURN_TYPE = YES;
				GCC_WARN_UNDECLARED_SELECTOR = YES;
				GCC_WARN_UNINITIALIZED_AUTOS = YES;
				GCC_WARN_UNUSED_FUNCTION = YES;
				GCC_WARN_UNUSED_VARIABLE = YES;
				MACOSX_DEPLOYMENT_TARGET = 10.9;
				SDKROOT = macosx;
			};
			name = Release;
		};
		2C85C6DD0B7B114200C89869 /* Default */ = {
			isa = XCBuildConfiguration;
			buildSettings = {
				ALWAYS_SEARCH_USER_PATHS = NO;
				CLANG_ANALYZER_LOCALIZABILITY_NONLOCALIZED = YES;
				CLANG_WARN_BLOCK_CAPTURE_AUTORELEASING = YES;
				CLANG_WARN_BOOL_CONVERSION = YES;
				CLANG_WARN_COMMA = YES;
				CLANG_WARN_CONSTANT_CONVERSION = YES;
				CLANG_WARN_DEPRECATED_OBJC_IMPLEMENTATIONS = YES;
				CLANG_WARN_EMPTY_BODY = YES;
				CLANG_WARN_ENUM_CONVERSION = YES;
				CLANG_WARN_INFINITE_RECURSION = YES;
				CLANG_WARN_INT_CONVERSION = YES;
				CLANG_WARN_NON_LITERAL_NULL_CONVERSION = YES;
				CLANG_WARN_OBJC_IMPLICIT_RETAIN_SELF = YES;
				CLANG_WARN_OBJC_LITERAL_CONVERSION = YES;
				CLANG_WARN_RANGE_LOOP_ANALYSIS = YES;
				CLANG_WARN_STRICT_PROTOTYPES = YES;
				CLANG_WARN_SUSPICIOUS_MOVE = YES;
				CLANG_WARN_UNREACHABLE_CODE = YES;
				CLANG_WARN__DUPLICATE_METHOD_MATCH = YES;
				CODE_SIGN_IDENTITY = "";
				COPYRIGHT = "Copyright 1999-2020, Kurita Tetsuro";
				ENABLE_STRICT_OBJC_MSGSEND = YES;
				GCC_NO_COMMON_BLOCKS = YES;
				GCC_WARN_64_TO_32_BIT_CONVERSION = YES;
				GCC_WARN_ABOUT_RETURN_TYPE = YES;
				GCC_WARN_UNDECLARED_SELECTOR = YES;
				GCC_WARN_UNINITIALIZED_AUTOS = YES;
				GCC_WARN_UNUSED_FUNCTION = YES;
				GCC_WARN_UNUSED_VARIABLE = YES;
				MACOSX_DEPLOYMENT_TARGET = 10.9;
				SDKROOT = macosx;
			};
			name = Default;
		};
		2C85CB780B7B342900C89869 /* Debug */ = {
			isa = XCBuildConfiguration;
			baseConfigurationReference = 2267459931ED55927996FB01 /* Pods-PowerRenamer.debug.xcconfig */;
			buildSettings = {
				CLANG_ENABLE_OBJC_ARC = YES;
				CODE_SIGN_ENTITLEMENTS = PowerRenamer.entitlements;
				CODE_SIGN_IDENTITY = "Apple Development";
				CODE_SIGN_STYLE = Automatic;
				COMBINE_HIDPI_IMAGES = YES;
				COPY_PHASE_STRIP = NO;
				CURRENT_PROJECT_VERSION = 42;
				DEVELOPMENT_TEAM = 5VBC6385DN;
				ENABLE_HARDENED_RUNTIME = YES;
				GCC_DYNAMIC_NO_PIC = NO;
				GCC_ENABLE_OBJC_EXCEPTIONS = YES;
				GCC_GENERATE_DEBUGGING_SYMBOLS = YES;
				GCC_OPTIMIZATION_LEVEL = 0;
				GCC_SYMBOLS_PRIVATE_EXTERN = NO;
				INFOPLIST_FILE = "Info-PowerRenamer.plist";
				INSTALL_PATH = /Applications;
				MARKETING_VERSION = 3.5.1b;
				ONLY_ACTIVE_ARCH = YES;
				OSA_LIBRARY_PATH = "${SRCROOT}/LibraryScripts";
				OTHER_CFLAGS = (
					"$(inherited)",
					"-isystem",
					"\"${PODS_ROOT}/Headers/Public\"",
					"-isystem",
					"\"${PODS_ROOT}/Headers/Public/Sparkle\"",
					"-DuseDeprecated=1",
				);
				PRODUCT_BUNDLE_IDENTIFIER = "net.script-factory.PowerRenamer";
				PRODUCT_NAME = PowerRenamer;
				PROVISIONING_PROFILE_SPECIFIER = "";
				SDKROOT = macosx;
				SECTORDER_FLAGS = "";
				VERSIONING_SYSTEM = "apple-generic";
				WRAPPER_EXTENSION = app;
			};
			name = Debug;
		};
		2C85CB790B7B342900C89869 /* Release */ = {
			isa = XCBuildConfiguration;
			baseConfigurationReference = E0176A249BD11355BC080114 /* Pods-PowerRenamer.release.xcconfig */;
			buildSettings = {
				CLANG_ENABLE_OBJC_ARC = YES;
				CODE_SIGN_ENTITLEMENTS = PowerRenamer.entitlements;
				CODE_SIGN_IDENTITY = "Apple Development";
				CODE_SIGN_STYLE = Automatic;
				COMBINE_HIDPI_IMAGES = YES;
				COPY_PHASE_STRIP = YES;
				CURRENT_PROJECT_VERSION = 42;
				DEVELOPMENT_TEAM = 5VBC6385DN;
				ENABLE_HARDENED_RUNTIME = YES;
				GCC_ENABLE_OBJC_EXCEPTIONS = YES;
				GCC_SYMBOLS_PRIVATE_EXTERN = NO;
				INFOPLIST_FILE = "Info-PowerRenamer.plist";
				INSTALL_PATH = /Applications;
				MARKETING_VERSION = 3.5.1b;
				OSA_LIBRARY_PATH = "${SRCROOT}/LibraryScripts";
				OTHER_CFLAGS = (
					"$(inherited)",
					"-isystem",
					"\"${PODS_ROOT}/Headers/Public\"",
					"-isystem",
					"\"${PODS_ROOT}/Headers/Public/Sparkle\"",
					"-DuseDeprecated=1",
				);
				PRODUCT_BUNDLE_IDENTIFIER = "net.script-factory.PowerRenamer";
				PRODUCT_NAME = PowerRenamer;
				PROVISIONING_PROFILE_SPECIFIER = "";
				SDKROOT = macosx;
				SECTORDER_FLAGS = "";
				VERSIONING_SYSTEM = "apple-generic";
				WRAPPER_EXTENSION = app;
			};
			name = Release;
		};
		2C85CB7B0B7B342900C89869 /* Default */ = {
			isa = XCBuildConfiguration;
			baseConfigurationReference = 6C60E48CDE2E9C6FB6EB212F /* Pods-PowerRenamer.default.xcconfig */;
			buildSettings = {
				CLANG_ENABLE_OBJC_ARC = YES;
				CODE_SIGN_ENTITLEMENTS = PowerRenamer.entitlements;
				CODE_SIGN_IDENTITY = "Apple Development";
				CODE_SIGN_STYLE = Automatic;
				COMBINE_HIDPI_IMAGES = YES;
				CURRENT_PROJECT_VERSION = 42;
				DEVELOPMENT_TEAM = 5VBC6385DN;
				ENABLE_HARDENED_RUNTIME = YES;
				GCC_ENABLE_OBJC_EXCEPTIONS = YES;
				GCC_SYMBOLS_PRIVATE_EXTERN = NO;
				INFOPLIST_FILE = "Info-PowerRenamer.plist";
				INSTALL_PATH = /Applications;
				MARKETING_VERSION = 3.5.1b;
				OSA_LIBRARY_PATH = "${SRCROOT}/LibraryScripts";
				OTHER_CFLAGS = (
					"$(inherited)",
					"-isystem",
					"\"${PODS_ROOT}/Headers/Public\"",
					"-isystem",
					"\"${PODS_ROOT}/Headers/Public/Sparkle\"",
					"-DuseDeprecated=1",
				);
				PRODUCT_BUNDLE_IDENTIFIER = "net.script-factory.PowerRenamer";
				PRODUCT_NAME = PowerRenamer;
				PROVISIONING_PROFILE_SPECIFIER = "";
				SDKROOT = macosx;
				SECTORDER_FLAGS = "";
				VERSIONING_SYSTEM = "apple-generic";
				WRAPPER_EXTENSION = app;
			};
			name = Default;
		};
/* End XCBuildConfiguration section */

/* Begin XCConfigurationList section */
		2C85C6D90B7B114200C89869 /* Build configuration list for PBXProject "PowerRenamer" */ = {
			isa = XCConfigurationList;
			buildConfigurations = (
				2C85C6DA0B7B114200C89869 /* Debug */,
				2C85C6DB0B7B114200C89869 /* Release */,
				2C85C6DD0B7B114200C89869 /* Default */,
			);
			defaultConfigurationIsVisible = 0;
			defaultConfigurationName = Release;
		};
		2C85CB770B7B342900C89869 /* Build configuration list for PBXNativeTarget "PowerRenamer" */ = {
			isa = XCConfigurationList;
			buildConfigurations = (
				2C85CB780B7B342900C89869 /* Debug */,
				2C85CB790B7B342900C89869 /* Release */,
				2C85CB7B0B7B342900C89869 /* Default */,
			);
			defaultConfigurationIsVisible = 0;
			defaultConfigurationName = Release;
		};
/* End XCConfigurationList section */
	};
	rootObject = 29B97313FDCFA39411CA2CEA /* Project object */;
}
