// !$*UTF8*$!
{
	archiveVersion = 1;
	classes = {
	};
	objectVersion = 42;
	objects = {

/* Begin PBXAppleScriptBuildPhase section */
		2C85CB650B7B342900C89869 /* AppleScript */ = {
			isa = PBXAppleScriptBuildPhase;
			buildActionMask = 2147483647;
			contextName = "";
			files = (
				2C85CB660B7B342900C89869 /* PowerRenamer.applescript in AppleScript */,
				2C85CB670B7B342900C89869 /* ComboBoxHistory.applescript in AppleScript */,
				2C85CB680B7B342900C89869 /* RenameEngine.applescript in AppleScript */,
				2CE800750F9819E200AD454A /* DefaultsManager.applescript in AppleScript */,
				2C5B7E120FF0A39C00D5ED31 /* GetFinderSelection.applescript in AppleScript */,
			);
			isSharedContext = 0;
			runOnlyForDeploymentPostprocessing = 0;
		};
/* End PBXAppleScriptBuildPhase section */

/* Begin PBXBuildFile section */
		2C54277C0B7C05B900820867 /* HelpSetup.plist in Resources */ = {isa = PBXBuildFile; fileRef = 2C54277B0B7C05B900820867 /* HelpSetup.plist */; };
		2C5B7E010FF098F700D5ED31 /* MainWindowController.h in Headers */ = {isa = PBXBuildFile; fileRef = 2C5B7DFF0FF098F700D5ED31 /* MainWindowController.h */; };
		2C5B7E020FF098F700D5ED31 /* MainWindowController.m in Sources */ = {isa = PBXBuildFile; fileRef = 2C5B7E000FF098F700D5ED31 /* MainWindowController.m */; };
		2C5B7E120FF0A39C00D5ED31 /* GetFinderSelection.applescript in AppleScript */ = {isa = PBXBuildFile; fileRef = 2C5B7E110FF0A39C00D5ED31 /* GetFinderSelection.applescript */; settings = {ATTRIBUTES = (Debug, ); }; };
		2C5B7E150FF0A44A00D5ED31 /* RenameEngine.h in Headers */ = {isa = PBXBuildFile; fileRef = 2C5B7E130FF0A44A00D5ED31 /* RenameEngine.h */; };
		2C5B7E160FF0A44A00D5ED31 /* RenameEngine.m in Sources */ = {isa = PBXBuildFile; fileRef = 2C5B7E140FF0A44A00D5ED31 /* RenameEngine.m */; };
		2C85CB660B7B342900C89869 /* PowerRenamer.applescript in AppleScript */ = {isa = PBXBuildFile; fileRef = DA206CF3015C4E8B03C91932 /* PowerRenamer.applescript */; settings = {ATTRIBUTES = (Debug, ); }; };
		2C85CB670B7B342900C89869 /* ComboBoxHistory.applescript in AppleScript */ = {isa = PBXBuildFile; fileRef = 2C89DC1206620860003D40F6 /* ComboBoxHistory.applescript */; settings = {ATTRIBUTES = (Debug, ); }; };
		2C85CB680B7B342900C89869 /* RenameEngine.applescript in AppleScript */ = {isa = PBXBuildFile; fileRef = 2C85C83B0B7B226A00C89869 /* RenameEngine.applescript */; settings = {ATTRIBUTES = (Debug, ); }; };
		2C85CB6A0B7B342900C89869 /* MainMenu.nib in Resources */ = {isa = PBXBuildFile; fileRef = 29B97318FDCFA39411CA2CEA /* MainMenu.nib */; };
		2C85CB6B0B7B342900C89869 /* InfoPlist.strings in Resources */ = {isa = PBXBuildFile; fileRef = 089C165CFE840E0CC02AAC07 /* InfoPlist.strings */; };
		2C85CB6E0B7B342900C89869 /* main.m in Sources */ = {isa = PBXBuildFile; fileRef = 29B97316FDCFA39411CA2CEA /* main.m */; settings = {ATTRIBUTES = (); }; };
		2C85CB710B7B342900C89869 /* Cocoa.framework in Frameworks */ = {isa = PBXBuildFile; fileRef = 1058C7A1FEA54F0111CA2CBB /* Cocoa.framework */; };
		2C85CB720B7B342900C89869 /* AppleScriptKit.framework in Frameworks */ = {isa = PBXBuildFile; fileRef = DA206CF1015C4E2903C91932 /* AppleScriptKit.framework */; };
		2C85CC1D0B7B38D400C89869 /* DonationReminder.framework in Frameworks */ = {isa = PBXBuildFile; fileRef = 2C85CC1C0B7B38D400C89869 /* DonationReminder.framework */; };
		2C85CC1E0B7B38D800C89869 /* DonationReminder.framework in CopyFiles */ = {isa = PBXBuildFile; fileRef = 2C85CC1C0B7B38D400C89869 /* DonationReminder.framework */; };
		2C85CC220B7B398100C89869 /* FactorySettings.plist in Resources */ = {isa = PBXBuildFile; fileRef = 2C85CC210B7B398100C89869 /* FactorySettings.plist */; };
		2C85CC300B7B3A1100C89869 /* AppController.h in Headers */ = {isa = PBXBuildFile; fileRef = 2C85CC2E0B7B3A1100C89869 /* AppController.h */; };
		2C85CC310B7B3A1100C89869 /* AppController.m in Sources */ = {isa = PBXBuildFile; fileRef = 2C85CC2F0B7B3A1100C89869 /* AppController.m */; };
		2C86A60F0F97900E0092242D /* RegexKitLite.h in Headers */ = {isa = PBXBuildFile; fileRef = 2C86A60D0F97900E0092242D /* RegexKitLite.h */; };
		2C86A6100F97900E0092242D /* RegexKitLite.m in Sources */ = {isa = PBXBuildFile; fileRef = 2C86A60E0F97900E0092242D /* RegexKitLite.m */; };
		2CC6806F0D9B5ACC002301F5 /* Localizable.strings in Resources */ = {isa = PBXBuildFile; fileRef = 2CC6806D0D9B5ACC002301F5 /* Localizable.strings */; };
		2CE800750F9819E200AD454A /* DefaultsManager.applescript in AppleScript */ = {isa = PBXBuildFile; fileRef = 2CE8006F0F9819E200AD454A /* DefaultsManager.applescript */; settings = {ATTRIBUTES = (Debug, ); }; };
		2CE800A90F981EA300AD454A /* StringExtra.m in Sources */ = {isa = PBXBuildFile; fileRef = 2CE8008E0F9819FB00AD454A /* StringExtra.m */; };
		2CE800FB0F98296000AD454A /* WindowVisibilityController.m in Sources */ = {isa = PBXBuildFile; fileRef = 2CE800900F9819FB00AD454A /* WindowVisibilityController.m */; };
		2CE800FC0F98296300AD454A /* PaletteWindowController.m in Sources */ = {isa = PBXBuildFile; fileRef = 2CE8008A0F9819FB00AD454A /* PaletteWindowController.m */; };
		2CE801240F982A4100AD454A /* SmartActivate.c in Sources */ = {isa = PBXBuildFile; fileRef = 2CE801210F982A4100AD454A /* SmartActivate.c */; };
		2CE801260F982A4100AD454A /* SmartActivate.m in Sources */ = {isa = PBXBuildFile; fileRef = 2CE801230F982A4100AD454A /* SmartActivate.m */; };
		2CE8016A0F982B1900AD454A /* Carbon.framework in Frameworks */ = {isa = PBXBuildFile; fileRef = 2CE801690F982B1900AD454A /* Carbon.framework */; };
		2CED519F0F986B0F007CD3B4 /* Sparkle.framework in Frameworks */ = {isa = PBXBuildFile; fileRef = 2CED519E0F986B0F007CD3B4 /* Sparkle.framework */; };
		2CED51A60F986B1B007CD3B4 /* Sparkle.framework in CopyFiles */ = {isa = PBXBuildFile; fileRef = 2CED519E0F986B0F007CD3B4 /* Sparkle.framework */; };
		2CED51C60F986DDC007CD3B4 /* dsa_pub.pem in Resources */ = {isa = PBXBuildFile; fileRef = 2CED51C50F986DDC007CD3B4 /* dsa_pub.pem */; };
		2CF52D1A0DA26DE9004844AD /* Credits.html in Resources */ = {isa = PBXBuildFile; fileRef = 2CF52CE70DA26C55004844AD /* Credits.html */; };
/* End PBXBuildFile section */

/* Begin PBXCopyFilesBuildPhase section */
		2C85CB750B7B342900C89869 /* CopyFiles */ = {
			isa = PBXCopyFilesBuildPhase;
			buildActionMask = 2147483647;
			dstPath = "";
			dstSubfolderSpec = 10;
			files = (
				2CED51A60F986B1B007CD3B4 /* Sparkle.framework in CopyFiles */,
				2C85CC1E0B7B38D800C89869 /* DonationReminder.framework in CopyFiles */,
			);
			runOnlyForDeploymentPostprocessing = 0;
		};
/* End PBXCopyFilesBuildPhase section */

/* Begin PBXFileReference section */
		089C165DFE840E0CC02AAC07 /* English */ = {isa = PBXFileReference; fileEncoding = 10; lastKnownFileType = text.plist.strings; name = English; path = English.lproj/InfoPlist.strings; sourceTree = "<group>"; };
		1058C7A1FEA54F0111CA2CBB /* Cocoa.framework */ = {isa = PBXFileReference; lastKnownFileType = wrapper.framework; name = Cocoa.framework; path = /System/Library/Frameworks/Cocoa.framework; sourceTree = "<absolute>"; };
		29B97316FDCFA39411CA2CEA /* main.m */ = {isa = PBXFileReference; fileEncoding = 30; lastKnownFileType = sourcecode.c.objc; path = main.m; sourceTree = "<group>"; };
		29B97319FDCFA39411CA2CEA /* English */ = {isa = PBXFileReference; lastKnownFileType = wrapper.nib; name = English; path = English.lproj/MainMenu.nib; sourceTree = "<group>"; };
		29B97324FDCFA39411CA2CEA /* AppKit.framework */ = {isa = PBXFileReference; lastKnownFileType = wrapper.framework; name = AppKit.framework; path = /System/Library/Frameworks/AppKit.framework; sourceTree = "<absolute>"; };
		29B97325FDCFA39411CA2CEA /* Foundation.framework */ = {isa = PBXFileReference; lastKnownFileType = wrapper.framework; name = Foundation.framework; path = /System/Library/Frameworks/Foundation.framework; sourceTree = "<absolute>"; };
		2C3263780D9B390A00631FC8 /* History.rd */ = {isa = PBXFileReference; fileEncoding = 4; lastKnownFileType = text; lineEnding = 0; name = History.rd; path = ../../History.rd; sourceTree = SOURCE_ROOT; };
		2C54277B0B7C05B900820867 /* HelpSetup.plist */ = {isa = PBXFileReference; explicitFileType = text.plist; fileEncoding = 0; path = HelpSetup.plist; sourceTree = "<group>"; };
		2C5B7DFF0FF098F700D5ED31 /* MainWindowController.h */ = {isa = PBXFileReference; fileEncoding = 4; lastKnownFileType = sourcecode.c.h; path = MainWindowController.h; sourceTree = "<group>"; };
		2C5B7E000FF098F700D5ED31 /* MainWindowController.m */ = {isa = PBXFileReference; fileEncoding = 4; lastKnownFileType = sourcecode.c.objc; path = MainWindowController.m; sourceTree = "<group>"; };
		2C5B7E110FF0A39C00D5ED31 /* GetFinderSelection.applescript */ = {isa = PBXFileReference; fileEncoding = 4; lastKnownFileType = sourcecode.applescript; path = GetFinderSelection.applescript; sourceTree = "<group>"; };
		2C5B7E130FF0A44A00D5ED31 /* RenameEngine.h */ = {isa = PBXFileReference; fileEncoding = 4; lastKnownFileType = sourcecode.c.h; path = RenameEngine.h; sourceTree = "<group>"; };
		2C5B7E140FF0A44A00D5ED31 /* RenameEngine.m */ = {isa = PBXFileReference; fileEncoding = 4; lastKnownFileType = sourcecode.c.objc; path = RenameEngine.m; sourceTree = "<group>"; };
		2C85C83B0B7B226A00C89869 /* RenameEngine.applescript */ = {isa = PBXFileReference; fileEncoding = 4; lastKnownFileType = sourcecode.applescript; path = RenameEngine.applescript; sourceTree = "<group>"; };
		2C85CB7C0B7B342900C89869 /* Info-PowerRenamer.plist */ = {isa = PBXFileReference; explicitFileType = text.plist; fileEncoding = 4; path = "Info-PowerRenamer.plist"; sourceTree = "<group>"; };
		2C85CB7D0B7B342900C89869 /* PowerRenamer.app */ = {isa = PBXFileReference; explicitFileType = wrapper.application; includeInIndex = 0; path = PowerRenamer.app; sourceTree = BUILT_PRODUCTS_DIR; };
		2C85CC1C0B7B38D400C89869 /* DonationReminder.framework */ = {isa = PBXFileReference; lastKnownFileType = wrapper.framework; name = DonationReminder.framework; path = ../DonationReminder.framework; sourceTree = SOURCE_ROOT; };
		2C85CC210B7B398100C89869 /* FactorySettings.plist */ = {isa = PBXFileReference; fileEncoding = 4; lastKnownFileType = text.plist.xml; path = FactorySettings.plist; sourceTree = "<group>"; };
		2C85CC2E0B7B3A1100C89869 /* AppController.h */ = {isa = PBXFileReference; fileEncoding = 4; lastKnownFileType = sourcecode.c.h; path = AppController.h; sourceTree = "<group>"; };
		2C85CC2F0B7B3A1100C89869 /* AppController.m */ = {isa = PBXFileReference; fileEncoding = 4; lastKnownFileType = sourcecode.c.objc; path = AppController.m; sourceTree = "<group>"; };
		2C86A60D0F97900E0092242D /* RegexKitLite.h */ = {isa = PBXFileReference; fileEncoding = 4; lastKnownFileType = sourcecode.c.h; path = RegexKitLite.h; sourceTree = "<group>"; };
		2C86A60E0F97900E0092242D /* RegexKitLite.m */ = {isa = PBXFileReference; fileEncoding = 4; lastKnownFileType = sourcecode.c.objc; path = RegexKitLite.m; sourceTree = "<group>"; };
		2C89DC1206620860003D40F6 /* ComboBoxHistory.applescript */ = {isa = PBXFileReference; explicitFileType = sourcecode.applescript; fileEncoding = 0; path = ComboBoxHistory.applescript; sourceTree = SOURCE_ROOT; };
		2CC6806E0D9B5ACC002301F5 /* English */ = {isa = PBXFileReference; fileEncoding = 10; lastKnownFileType = text.plist.strings; name = English; path = English.lproj/Localizable.strings; sourceTree = "<group>"; };
		2CE8006E0F9819E200AD454A /* CommandBuilder.applescript */ = {isa = PBXFileReference; fileEncoding = 4; lastKnownFileType = sourcecode.applescript; path = CommandBuilder.applescript; sourceTree = "<group>"; };
		2CE8006F0F9819E200AD454A /* DefaultsManager.applescript */ = {isa = PBXFileReference; fileEncoding = 4; lastKnownFileType = sourcecode.applescript; path = DefaultsManager.applescript; sourceTree = "<group>"; };
		2CE800700F9819E200AD454A /* MessageUtility.applescript */ = {isa = PBXFileReference; fileEncoding = 4; lastKnownFileType = sourcecode.applescript; path = MessageUtility.applescript; sourceTree = "<group>"; };
		2CE800710F9819E200AD454A /* SheetManager.applescript */ = {isa = PBXFileReference; fileEncoding = 4; lastKnownFileType = sourcecode.applescript; path = SheetManager.applescript; sourceTree = "<group>"; };
		2CE800720F9819E200AD454A /* TerminalCommander.applescript */ = {isa = PBXFileReference; fileEncoding = 4; lastKnownFileType = sourcecode.applescript; path = TerminalCommander.applescript; sourceTree = "<group>"; };
		2CE800730F9819E200AD454A /* UtilityHandlers.applescript */ = {isa = PBXFileReference; fileEncoding = 4; lastKnownFileType = sourcecode.applescript; path = UtilityHandlers.applescript; sourceTree = "<group>"; };
		2CE800830F9819FB00AD454A /* DropBox.h */ = {isa = PBXFileReference; fileEncoding = 4; lastKnownFileType = sourcecode.c.h; path = DropBox.h; sourceTree = "<group>"; };
		2CE800840F9819FB00AD454A /* DropBox.m */ = {isa = PBXFileReference; fileEncoding = 4; lastKnownFileType = sourcecode.c.objc; path = DropBox.m; sourceTree = "<group>"; };
		2CE800850F9819FB00AD454A /* NDAlias.h */ = {isa = PBXFileReference; fileEncoding = 4; lastKnownFileType = sourcecode.c.h; path = NDAlias.h; sourceTree = "<group>"; };
		2CE800860F9819FB00AD454A /* NDAlias.m */ = {isa = PBXFileReference; fileEncoding = 4; lastKnownFileType = sourcecode.c.objc; path = NDAlias.m; sourceTree = "<group>"; };
		2CE800870F9819FB00AD454A /* NSURL+NDCarbonUtilities.h */ = {isa = PBXFileReference; fileEncoding = 4; lastKnownFileType = sourcecode.c.h; path = "NSURL+NDCarbonUtilities.h"; sourceTree = "<group>"; };
		2CE800880F9819FB00AD454A /* NSURL+NDCarbonUtilities.m */ = {isa = PBXFileReference; fileEncoding = 4; lastKnownFileType = sourcecode.c.objc; path = "NSURL+NDCarbonUtilities.m"; sourceTree = "<group>"; };
		2CE800890F9819FB00AD454A /* PaletteWindowController.h */ = {isa = PBXFileReference; fileEncoding = 4; lastKnownFileType = sourcecode.c.h; path = PaletteWindowController.h; sourceTree = "<group>"; };
		2CE8008A0F9819FB00AD454A /* PaletteWindowController.m */ = {isa = PBXFileReference; fileEncoding = 4; lastKnownFileType = sourcecode.c.objc; path = PaletteWindowController.m; sourceTree = "<group>"; };
		2CE8008B0F9819FB00AD454A /* PathExtra.h */ = {isa = PBXFileReference; fileEncoding = 4; lastKnownFileType = sourcecode.c.h; path = PathExtra.h; sourceTree = "<group>"; };
		2CE8008C0F9819FB00AD454A /* PathExtra.m */ = {isa = PBXFileReference; fileEncoding = 4; lastKnownFileType = sourcecode.c.objc; path = PathExtra.m; sourceTree = "<group>"; };
		2CE8008D0F9819FB00AD454A /* StringExtra.h */ = {isa = PBXFileReference; fileEncoding = 4; lastKnownFileType = sourcecode.c.h; path = StringExtra.h; sourceTree = "<group>"; };
		2CE8008E0F9819FB00AD454A /* StringExtra.m */ = {isa = PBXFileReference; fileEncoding = 4; lastKnownFileType = sourcecode.c.objc; path = StringExtra.m; sourceTree = "<group>"; };
		2CE8008F0F9819FB00AD454A /* WindowVisibilityController.h */ = {isa = PBXFileReference; fileEncoding = 4; lastKnownFileType = sourcecode.c.h; path = WindowVisibilityController.h; sourceTree = "<group>"; };
		2CE800900F9819FB00AD454A /* WindowVisibilityController.m */ = {isa = PBXFileReference; fileEncoding = 4; lastKnownFileType = sourcecode.c.objc; path = WindowVisibilityController.m; sourceTree = "<group>"; };
		2CE801210F982A4100AD454A /* SmartActivate.c */ = {isa = PBXFileReference; fileEncoding = 4; lastKnownFileType = sourcecode.c.c; path = SmartActivate.c; sourceTree = "<group>"; };
		2CE801220F982A4100AD454A /* SmartActivate.h */ = {isa = PBXFileReference; fileEncoding = 4; lastKnownFileType = sourcecode.c.h; path = SmartActivate.h; sourceTree = "<group>"; };
		2CE801230F982A4100AD454A /* SmartActivate.m */ = {isa = PBXFileReference; fileEncoding = 4; lastKnownFileType = sourcecode.c.objc; path = SmartActivate.m; sourceTree = "<group>"; };
		2CE801690F982B1900AD454A /* Carbon.framework */ = {isa = PBXFileReference; lastKnownFileType = wrapper.framework; name = Carbon.framework; path = /System/Library/Frameworks/Carbon.framework; sourceTree = "<absolute>"; };
		2CED519E0F986B0F007CD3B4 /* Sparkle.framework */ = {isa = PBXFileReference; lastKnownFileType = wrapper.framework; name = Sparkle.framework; path = ../Sparkle.framework; sourceTree = SOURCE_ROOT; };
		2CED51C50F986DDC007CD3B4 /* dsa_pub.pem */ = {isa = PBXFileReference; fileEncoding = 4; lastKnownFileType = text; path = dsa_pub.pem; sourceTree = "<group>"; };
		2CF52CE70DA26C55004844AD /* Credits.html */ = {isa = PBXFileReference; fileEncoding = 4; lastKnownFileType = text.html; path = Credits.html; sourceTree = "<group>"; };
		DA206CF1015C4E2903C91932 /* AppleScriptKit.framework */ = {isa = PBXFileReference; lastKnownFileType = wrapper.framework; name = AppleScriptKit.framework; path = /System/Library/Frameworks/AppleScriptKit.framework; sourceTree = "<absolute>"; };
		DA206CF3015C4E8B03C91932 /* PowerRenamer.applescript */ = {isa = PBXFileReference; fileEncoding = 4; lastKnownFileType = sourcecode.applescript; lineEnding = 0; path = PowerRenamer.applescript; sourceTree = "<group>"; };
		DA206CF4015C4E8B03C91932 /* AppleScriptKit.asdictionary */ = {isa = PBXFileReference; lastKnownFileType = archive.asdictionary; name = AppleScriptKit.asdictionary; path = /System/Library/Frameworks/AppleScriptKit.framework/Versions/A/Resources/AppleScriptKit.asdictionary; sourceTree = "<absolute>"; };
/* End PBXFileReference section */

/* Begin PBXFrameworksBuildPhase section */
		2C85CB700B7B342900C89869 /* Frameworks */ = {
			isa = PBXFrameworksBuildPhase;
			buildActionMask = 2147483647;
			files = (
				2C85CB710B7B342900C89869 /* Cocoa.framework in Frameworks */,
				2C85CB720B7B342900C89869 /* AppleScriptKit.framework in Frameworks */,
				2C85CC1D0B7B38D400C89869 /* DonationReminder.framework in Frameworks */,
				2CE8016A0F982B1900AD454A /* Carbon.framework in Frameworks */,
				2CED519F0F986B0F007CD3B4 /* Sparkle.framework in Frameworks */,
			);
			runOnlyForDeploymentPostprocessing = 0;
		};
/* End PBXFrameworksBuildPhase section */

/* Begin PBXGroup section */
		080E96DDFE201D6D7F000001 /* Scripts */ = {
			isa = PBXGroup;
			children = (
				DA206CF3015C4E8B03C91932 /* PowerRenamer.applescript */,
				2C89DC1206620860003D40F6 /* ComboBoxHistory.applescript */,
				2C85C83B0B7B226A00C89869 /* RenameEngine.applescript */,
				2C5B7E110FF0A39C00D5ED31 /* GetFinderSelection.applescript */,
			);
			name = Scripts;
			sourceTree = "<group>";
		};
		1058C7A0FEA54F0111CA2CBB /* Linked Frameworks */ = {
			isa = PBXGroup;
			children = (
				2CED519E0F986B0F007CD3B4 /* Sparkle.framework */,
				2CE801690F982B1900AD454A /* Carbon.framework */,
				2C85CC1C0B7B38D400C89869 /* DonationReminder.framework */,
				1058C7A1FEA54F0111CA2CBB /* Cocoa.framework */,
				DA206CF1015C4E2903C91932 /* AppleScriptKit.framework */,
			);
			name = "Linked Frameworks";
			sourceTree = "<group>";
		};
		1058C7A2FEA54F0111CA2CBB /* Other Frameworks */ = {
			isa = PBXGroup;
			children = (
				29B97325FDCFA39411CA2CEA /* Foundation.framework */,
				29B97324FDCFA39411CA2CEA /* AppKit.framework */,
			);
			name = "Other Frameworks";
			sourceTree = "<group>";
		};
		19C28FACFE9D520D11CA2CBB /* Products */ = {
			isa = PBXGroup;
			children = (
				2C85CB7D0B7B342900C89869 /* PowerRenamer.app */,
			);
			name = Products;
			sourceTree = "<group>";
		};
		29B97314FDCFA39411CA2CEA /* Application */ = {
			isa = PBXGroup;
			children = (
				2C5B7DE80FF0985F00D5ED31 /* Classes */,
				2C3263780D9B390A00631FC8 /* History.rd */,
				080E96DDFE201D6D7F000001 /* Scripts */,
				2CE801200F982A4100AD454A /* SmartActivateLib */,
				2CE800820F9819FB00AD454A /* CocoaLib */,
				2CE8006D0F9819E200AD454A /* ASStudioScriptLib */,
				2C86A60C0F97900E0092242D /* RegexpKitLite */,
				29B97317FDCFA39411CA2CEA /* Resources */,
				29B97315FDCFA39411CA2CEA /* Other Sources */,
				29B97323FDCFA39411CA2CEA /* Frameworks */,
				19C28FACFE9D520D11CA2CBB /* Products */,
			);
			name = Application;
			sourceTree = "<group>";
		};
		29B97315FDCFA39411CA2CEA /* Other Sources */ = {
			isa = PBXGroup;
			children = (
				29B97316FDCFA39411CA2CEA /* main.m */,
			);
			name = "Other Sources";
			sourceTree = "<group>";
		};
		29B97317FDCFA39411CA2CEA /* Resources */ = {
			isa = PBXGroup;
			children = (
				2CED51C50F986DDC007CD3B4 /* dsa_pub.pem */,
				2CF52CE70DA26C55004844AD /* Credits.html */,
				2CC6806D0D9B5ACC002301F5 /* Localizable.strings */,
				2C54277B0B7C05B900820867 /* HelpSetup.plist */,
				2C85CB7C0B7B342900C89869 /* Info-PowerRenamer.plist */,
				29B97318FDCFA39411CA2CEA /* MainMenu.nib */,
				089C165CFE840E0CC02AAC07 /* InfoPlist.strings */,
				DA206CF4015C4E8B03C91932 /* AppleScriptKit.asdictionary */,
				2C85CC210B7B398100C89869 /* FactorySettings.plist */,
			);
			name = Resources;
			sourceTree = "<group>";
		};
		29B97323FDCFA39411CA2CEA /* Frameworks */ = {
			isa = PBXGroup;
			children = (
				1058C7A0FEA54F0111CA2CBB /* Linked Frameworks */,
				1058C7A2FEA54F0111CA2CBB /* Other Frameworks */,
			);
			name = Frameworks;
			sourceTree = "<group>";
		};
		2C5B7DE80FF0985F00D5ED31 /* Classes */ = {
			isa = PBXGroup;
			children = (
				2C85CC2E0B7B3A1100C89869 /* AppController.h */,
				2C85CC2F0B7B3A1100C89869 /* AppController.m */,
				2C5B7DFF0FF098F700D5ED31 /* MainWindowController.h */,
				2C5B7E000FF098F700D5ED31 /* MainWindowController.m */,
				2C5B7E130FF0A44A00D5ED31 /* RenameEngine.h */,
				2C5B7E140FF0A44A00D5ED31 /* RenameEngine.m */,
			);
			name = Classes;
			sourceTree = "<group>";
		};
		2C86A60C0F97900E0092242D /* RegexpKitLite */ = {
			isa = PBXGroup;
			children = (
				2C86A60D0F97900E0092242D /* RegexKitLite.h */,
				2C86A60E0F97900E0092242D /* RegexKitLite.m */,
			);
			path = RegexpKitLite;
			sourceTree = "<group>";
		};
		2CE8006D0F9819E200AD454A /* ASStudioScriptLib */ = {
			isa = PBXGroup;
			children = (
				2CE8006E0F9819E200AD454A /* CommandBuilder.applescript */,
				2CE8006F0F9819E200AD454A /* DefaultsManager.applescript */,
				2CE800700F9819E200AD454A /* MessageUtility.applescript */,
				2CE800710F9819E200AD454A /* SheetManager.applescript */,
				2CE800720F9819E200AD454A /* TerminalCommander.applescript */,
				2CE800730F9819E200AD454A /* UtilityHandlers.applescript */,
			);
			path = ASStudioScriptLib;
			sourceTree = "<group>";
		};
		2CE800820F9819FB00AD454A /* CocoaLib */ = {
			isa = PBXGroup;
			children = (
				2CE800830F9819FB00AD454A /* DropBox.h */,
				2CE800840F9819FB00AD454A /* DropBox.m */,
				2CE800850F9819FB00AD454A /* NDAlias.h */,
				2CE800860F9819FB00AD454A /* NDAlias.m */,
				2CE800870F9819FB00AD454A /* NSURL+NDCarbonUtilities.h */,
				2CE800880F9819FB00AD454A /* NSURL+NDCarbonUtilities.m */,
				2CE800890F9819FB00AD454A /* PaletteWindowController.h */,
				2CE8008A0F9819FB00AD454A /* PaletteWindowController.m */,
				2CE8008B0F9819FB00AD454A /* PathExtra.h */,
				2CE8008C0F9819FB00AD454A /* PathExtra.m */,
				2CE8008D0F9819FB00AD454A /* StringExtra.h */,
				2CE8008E0F9819FB00AD454A /* StringExtra.m */,
				2CE8008F0F9819FB00AD454A /* WindowVisibilityController.h */,
				2CE800900F9819FB00AD454A /* WindowVisibilityController.m */,
			);
			path = CocoaLib;
			sourceTree = "<group>";
		};
		2CE801200F982A4100AD454A /* SmartActivateLib */ = {
			isa = PBXGroup;
			children = (
				2CE801210F982A4100AD454A /* SmartActivate.c */,
				2CE801220F982A4100AD454A /* SmartActivate.h */,
				2CE801230F982A4100AD454A /* SmartActivate.m */,
			);
			path = SmartActivateLib;
			sourceTree = "<group>";
		};
/* End PBXGroup section */

/* Begin PBXHeadersBuildPhase section */
		2C85CB630B7B342900C89869 /* Headers */ = {
			isa = PBXHeadersBuildPhase;
			buildActionMask = 2147483647;
			files = (
				2C85CC300B7B3A1100C89869 /* AppController.h in Headers */,
				2C86A60F0F97900E0092242D /* RegexKitLite.h in Headers */,
				2C5B7E010FF098F700D5ED31 /* MainWindowController.h in Headers */,
				2C5B7E150FF0A44A00D5ED31 /* RenameEngine.h in Headers */,
			);
			runOnlyForDeploymentPostprocessing = 0;
		};
/* End PBXHeadersBuildPhase section */

/* Begin PBXNativeTarget section */
		2C85CB620B7B342900C89869 /* PowerRenamer */ = {
			isa = PBXNativeTarget;
			buildConfigurationList = 2C85CB770B7B342900C89869 /* Build configuration list for PBXNativeTarget "PowerRenamer" */;
			buildPhases = (
				2C85CB630B7B342900C89869 /* Headers */,
				2C85CB650B7B342900C89869 /* AppleScript */,
				2C85CB690B7B342900C89869 /* Resources */,
				2C85CB6D0B7B342900C89869 /* Sources */,
				2C85CB700B7B342900C89869 /* Frameworks */,
				2C85CB740B7B342900C89869 /* ShellScript */,
				2C85CB750B7B342900C89869 /* CopyFiles */,
			);
			buildRules = (
			);
			dependencies = (
			);
			name = PowerRenamer;
			productInstallPath = "$(HOME)/Applications";
			productName = Application;
			productReference = 2C85CB7D0B7B342900C89869 /* PowerRenamer.app */;
			productType = "com.apple.product-type.application";
		};
/* End PBXNativeTarget section */

/* Begin PBXProject section */
		29B97313FDCFA39411CA2CEA /* Project object */ = {
			isa = PBXProject;
			buildConfigurationList = 2C85C6D90B7B114200C89869 /* Build configuration list for PBXProject "PowerRenamer" */;
			compatibilityVersion = "Xcode 2.4";
			hasScannedForEncodings = 1;
			mainGroup = 29B97314FDCFA39411CA2CEA /* Application */;
			projectDirPath = "";
			projectRoot = "";
			targets = (
				2C85CB620B7B342900C89869 /* PowerRenamer */,
			);
		};
/* End PBXProject section */

/* Begin PBXResourcesBuildPhase section */
		2C85CB690B7B342900C89869 /* Resources */ = {
			isa = PBXResourcesBuildPhase;
			buildActionMask = 2147483647;
			files = (
				2C85CB6A0B7B342900C89869 /* MainMenu.nib in Resources */,
				2C85CB6B0B7B342900C89869 /* InfoPlist.strings in Resources */,
				2C85CC220B7B398100C89869 /* FactorySettings.plist in Resources */,
				2C54277C0B7C05B900820867 /* HelpSetup.plist in Resources */,
				2CC6806F0D9B5ACC002301F5 /* Localizable.strings in Resources */,
				2CF52D1A0DA26DE9004844AD /* Credits.html in Resources */,
				2CED51C60F986DDC007CD3B4 /* dsa_pub.pem in Resources */,
			);
			runOnlyForDeploymentPostprocessing = 0;
		};
/* End PBXResourcesBuildPhase section */

/* Begin PBXShellScriptBuildPhase section */
		2C85CB740B7B342900C89869 /* ShellScript */ = {
			isa = PBXShellScriptBuildPhase;
			buildActionMask = 12;
			files = (
			);
			inputPaths = (
			);
			outputPaths = (
			);
			runOnlyForDeploymentPostprocessing = 0;
			shellPath = /bin/sh;
			shellScript = "if [ \"$BUILD_STYLE\" = 'Deployment' ] ; then\nhelpdir=\"$OBJROOT/$TARGET_NAME.app/Contents/Resources/$TARGET_NAME Help/\"\nmkdir -p \"$helpdir\"\nmanual_path='/Users/tkurita/Factories/Websites/scriptfactory folder/scriptfactory/ScriptGallery/FinderScripts/PowerRenamer/manual/index.html'\nsitetears_path='/Users/tkurita/Factories/Perl factory/ProjectsX/SiteTears/SiteTears.pl'\nperl \"$sitetears_path\" \"$manual_path\" \"$helpdir/index.html\"\nopen -a '/Developer/Documentation/Apple Help/Apple Help Indexing Tool.app' \"$helpdir\"\nfi";
		};
/* End PBXShellScriptBuildPhase section */

/* Begin PBXSourcesBuildPhase section */
		2C85CB6D0B7B342900C89869 /* Sources */ = {
			isa = PBXSourcesBuildPhase;
			buildActionMask = 2147483647;
			files = (
				2C85CB6E0B7B342900C89869 /* main.m in Sources */,
				2C85CC310B7B3A1100C89869 /* AppController.m in Sources */,
				2C86A6100F97900E0092242D /* RegexKitLite.m in Sources */,
				2CE800A90F981EA300AD454A /* StringExtra.m in Sources */,
				2CE800FB0F98296000AD454A /* WindowVisibilityController.m in Sources */,
				2CE800FC0F98296300AD454A /* PaletteWindowController.m in Sources */,
				2CE801240F982A4100AD454A /* SmartActivate.c in Sources */,
				2CE801260F982A4100AD454A /* SmartActivate.m in Sources */,
				2C5B7E020FF098F700D5ED31 /* MainWindowController.m in Sources */,
				2C5B7E160FF0A44A00D5ED31 /* RenameEngine.m in Sources */,
			);
			runOnlyForDeploymentPostprocessing = 0;
		};
/* End PBXSourcesBuildPhase section */

/* Begin PBXVariantGroup section */
		089C165CFE840E0CC02AAC07 /* InfoPlist.strings */ = {
			isa = PBXVariantGroup;
			children = (
				089C165DFE840E0CC02AAC07 /* English */,
			);
			name = InfoPlist.strings;
			sourceTree = "<group>";
		};
		29B97318FDCFA39411CA2CEA /* MainMenu.nib */ = {
			isa = PBXVariantGroup;
			children = (
				29B97319FDCFA39411CA2CEA /* English */,
			);
			name = MainMenu.nib;
			sourceTree = "<group>";
		};
		2CC6806D0D9B5ACC002301F5 /* Localizable.strings */ = {
			isa = PBXVariantGroup;
			children = (
				2CC6806E0D9B5ACC002301F5 /* English */,
			);
			name = Localizable.strings;
			sourceTree = "<group>";
		};
/* End PBXVariantGroup section */

/* Begin XCBuildConfiguration section */
		2C85C6DA0B7B114200C89869 /* Debug */ = {
			isa = XCBuildConfiguration;
			buildSettings = {
				GCC_C_LANGUAGE_STANDARD = c99;
				SDKROOT = /Developer/SDKs/MacOSX10.4u.sdk;
			};
			name = Debug;
		};
		2C85C6DB0B7B114200C89869 /* Release */ = {
			isa = XCBuildConfiguration;
			buildSettings = {
				ARCHS = (
					ppc,
					i386,
				);
				GCC_C_LANGUAGE_STANDARD = c99;
				PREBINDING = NO;
				SDKROOT = /Developer/SDKs/MacOSX10.4u.sdk;
			};
			name = Release;
		};
		2C85C6DC0B7B114200C89869 /* SDDebug */ = {
			isa = XCBuildConfiguration;
			buildSettings = {
				GCC_C_LANGUAGE_STANDARD = c99;
				SDKROOT = /Developer/SDKs/MacOSX10.4u.sdk;
			};
			name = SDDebug;
		};
		2C85C6DD0B7B114200C89869 /* Default */ = {
			isa = XCBuildConfiguration;
			buildSettings = {
				GCC_C_LANGUAGE_STANDARD = c99;
				SDKROOT = /Developer/SDKs/MacOSX10.4u.sdk;
			};
			name = Default;
		};
		2C85CB780B7B342900C89869 /* Debug */ = {
			isa = XCBuildConfiguration;
			buildSettings = {
				COPY_PHASE_STRIP = NO;
				FRAMEWORK_SEARCH_PATHS = (
					"$(FRAMEWORK_SEARCH_PATHS)",
					"$(SRCROOT)",
					"$(FRAMEWORK_SEARCH_PATHS_QUOTED_1)",
					"$(FRAMEWORK_SEARCH_PATHS_QUOTED_2)",
					"$(FRAMEWORK_SEARCH_PATHS_QUOTED_FOR_TARGET_1)",
				);
				FRAMEWORK_SEARCH_PATHS_QUOTED_1 = "\"$(SRCROOT)/..\"";
				FRAMEWORK_SEARCH_PATHS_QUOTED_FOR_TARGET_1 = "\"$(SRCROOT)/..\"";
				GCC_DYNAMIC_NO_PIC = NO;
				GCC_ENABLE_FIX_AND_CONTINUE = YES;
				GCC_ENABLE_OBJC_EXCEPTIONS = YES;
				GCC_GENERATE_DEBUGGING_SYMBOLS = YES;
				GCC_OPTIMIZATION_LEVEL = 0;
				GCC_SYMBOLS_PRIVATE_EXTERN = NO;
				HEADER_SEARCH_PATHS = "";
				INFOPLIST_FILE = "Info-PowerRenamer.plist";
				INSTALL_PATH = "$(HOME)/Applications";
				LIBRARY_SEARCH_PATHS = "";
				OTHER_CFLAGS = "";
				OTHER_LDFLAGS = "-licucore";
				PRODUCT_NAME = PowerRenamer;
				SECTORDER_FLAGS = "";
				WARNING_CFLAGS = (
					"-Wmost",
					"-Wno-four-char-constants",
					"-Wno-unknown-pragmas",
				);
				WRAPPER_EXTENSION = app;
				ZERO_LINK = YES;
			};
			name = Debug;
		};
		2C85CB790B7B342900C89869 /* Release */ = {
			isa = XCBuildConfiguration;
			buildSettings = {
				COPY_PHASE_STRIP = YES;
				FRAMEWORK_SEARCH_PATHS = (
					"$(inherited)",
					"$(SRCROOT)/..",
				);
				GCC_ENABLE_FIX_AND_CONTINUE = NO;
				GCC_ENABLE_OBJC_EXCEPTIONS = YES;
				GCC_SYMBOLS_PRIVATE_EXTERN = NO;
				HEADER_SEARCH_PATHS = "";
				INFOPLIST_FILE = "Info-PowerRenamer.plist";
				INSTALL_PATH = "$(HOME)/Applications";
				LIBRARY_SEARCH_PATHS = "";
				OTHER_CFLAGS = "";
				OTHER_LDFLAGS = "-licucore";
				OTHER_OSAFLAGS = "-x";
				PRODUCT_NAME = PowerRenamer;
				SECTORDER_FLAGS = "";
				WARNING_CFLAGS = (
					"-Wmost",
					"-Wno-four-char-constants",
					"-Wno-unknown-pragmas",
				);
				WRAPPER_EXTENSION = app;
				ZERO_LINK = NO;
			};
			name = Release;
		};
		2C85CB7A0B7B342900C89869 /* SDDebug */ = {
			isa = XCBuildConfiguration;
			buildSettings = {
				FRAMEWORK_SEARCH_PATHS = (
					"$(inherited)",
					"$(SRCROOT)/..",
				);
				GCC_ENABLE_FIX_AND_CONTINUE = NO;
				GCC_ENABLE_OBJC_EXCEPTIONS = YES;
				GCC_SYMBOLS_PRIVATE_EXTERN = NO;
				HEADER_SEARCH_PATHS = "";
				INFOPLIST_FILE = "Info-PowerRenamer_____________.plist";
				INSTALL_PATH = "$(HOME)/Applications";
				LIBRARY_SEARCH_PATHS = "";
				OTHER_CFLAGS = "";
				OTHER_LDFLAGS = "-licucore";
				OTHER_OSAFLAGS = "-l \\\"AppleScript Debugger\\\"";
				PRODUCT_NAME = PowerRenamer;
				SECTORDER_FLAGS = "";
				WARNING_CFLAGS = (
					"-Wmost",
					"-Wno-four-char-constants",
					"-Wno-unknown-pragmas",
				);
				WRAPPER_EXTENSION = app;
				ZERO_LINK = NO;
			};
			name = SDDebug;
		};
		2C85CB7B0B7B342900C89869 /* Default */ = {
			isa = XCBuildConfiguration;
			buildSettings = {
				FRAMEWORK_SEARCH_PATHS = (
					"$(inherited)",
					"$(SRCROOT)/..",
				);
				GCC_ENABLE_OBJC_EXCEPTIONS = YES;
				GCC_SYMBOLS_PRIVATE_EXTERN = NO;
				HEADER_SEARCH_PATHS = "";
				INFOPLIST_FILE = "Info-PowerRenamer_____________.plist";
				INSTALL_PATH = "$(HOME)/Applications";
				LIBRARY_SEARCH_PATHS = "";
				OTHER_CFLAGS = "";
				OTHER_LDFLAGS = "-licucore";
				PRODUCT_NAME = PowerRenamer;
				SECTORDER_FLAGS = "";
				WARNING_CFLAGS = (
					"-Wmost",
					"-Wno-four-char-constants",
					"-Wno-unknown-pragmas",
				);
				WRAPPER_EXTENSION = app;
			};
			name = Default;
		};
/* End XCBuildConfiguration section */

/* Begin XCConfigurationList section */
		2C85C6D90B7B114200C89869 /* Build configuration list for PBXProject "PowerRenamer" */ = {
			isa = XCConfigurationList;
			buildConfigurations = (
				2C85C6DA0B7B114200C89869 /* Debug */,
				2C85C6DB0B7B114200C89869 /* Release */,
				2C85C6DC0B7B114200C89869 /* SDDebug */,
				2C85C6DD0B7B114200C89869 /* Default */,
			);
			defaultConfigurationIsVisible = 0;
			defaultConfigurationName = Default;
		};
		2C85CB770B7B342900C89869 /* Build configuration list for PBXNativeTarget "PowerRenamer" */ = {
			isa = XCConfigurationList;
			buildConfigurations = (
				2C85CB780B7B342900C89869 /* Debug */,
				2C85CB790B7B342900C89869 /* Release */,
				2C85CB7A0B7B342900C89869 /* SDDebug */,
				2C85CB7B0B7B342900C89869 /* Default */,
			);
			defaultConfigurationIsVisible = 0;
			defaultConfigurationName = Default;
		};
/* End XCConfigurationList section */
	};
	rootObject = 29B97313FDCFA39411CA2CEA /* Project object */;
}
