// !$*UTF8*$!
{
	archiveVersion = 1;
	classes = {
	};
	objectVersion = 42;
	objects = {

/* Begin PBXAppleScriptBuildPhase section */
		2C85CB650B7B342900C89869 /* AppleScript */ = {
			isa = PBXAppleScriptBuildPhase;
			buildActionMask = 2147483647;
			contextName = "";
			files = (
				2C5B7E120FF0A39C00D5ED31 /* FinderSelectionController.applescript in AppleScript */,
			);
			isSharedContext = 0;
			runOnlyForDeploymentPostprocessing = 0;
		};
/* End PBXAppleScriptBuildPhase section */

/* Begin PBXBuildFile section */
		2C061F1410231DAD004E7EDC /* Credits.rtf in Resources */ = {isa = PBXBuildFile; fileRef = 2C061F1310231DAD004E7EDC /* Credits.rtf */; };
		2C2100281002D65100850A76 /* FrontAppMonitor.m in Sources */ = {isa = PBXBuildFile; fileRef = 2C2100261002D65100850A76 /* FrontAppMonitor.m */; };
		2C278C8B100ECD230092CFDE /* plus24.png in Resources */ = {isa = PBXBuildFile; fileRef = 2C278C8A100ECD230092CFDE /* plus24.png */; };
		2C278CD0100ECE8C0092CFDE /* AddDummyAtFirstTransformer.m in Sources */ = {isa = PBXBuildFile; fileRef = 2C278CCE100ECE8C0092CFDE /* AddDummyAtFirstTransformer.m */; };
		2C278DC0100FF5A60092CFDE /* PreferencesWindow.nib in Resources */ = {isa = PBXBuildFile; fileRef = 2C278DBE100FF5A60092CFDE /* PreferencesWindow.nib */; };
		2C4479610FFCF10A009DA83E /* RenameWindow.nib in Resources */ = {isa = PBXBuildFile; fileRef = 2C44795F0FFCF10A009DA83E /* RenameWindow.nib */; };
		2C447C400FFFABE1009DA83E /* OSAKit.framework in Frameworks */ = {isa = PBXBuildFile; fileRef = 2C447C3F0FFFABE1009DA83E /* OSAKit.framework */; };
		2C447DBE1000EE36009DA83E /* AltActionButton.m in Sources */ = {isa = PBXBuildFile; fileRef = 2C447DBC1000EE36009DA83E /* AltActionButton.m */; };
		2C50DCEC0FFC3ECE00AF06C0 /* PathExtra.m in Sources */ = {isa = PBXBuildFile; fileRef = 2CE8008C0F9819FB00AD454A /* PathExtra.m */; };
		2C54277C0B7C05B900820867 /* HelpSetup.plist in Resources */ = {isa = PBXBuildFile; fileRef = 2C54277B0B7C05B900820867 /* HelpSetup.plist */; };
		2C5B7E020FF098F700D5ED31 /* RenameWindowController.m in Sources */ = {isa = PBXBuildFile; fileRef = 2C5B7E000FF098F700D5ED31 /* RenameWindowController.m */; };
		2C5B7E120FF0A39C00D5ED31 /* FinderSelectionController.applescript in AppleScript */ = {isa = PBXBuildFile; fileRef = 2C5B7E110FF0A39C00D5ED31 /* FinderSelectionController.applescript */; settings = {ATTRIBUTES = (Debug, ); }; };
		2C5B7E160FF0A44A00D5ED31 /* RenameEngine.m in Sources */ = {isa = PBXBuildFile; fileRef = 2C5B7E140FF0A44A00D5ED31 /* RenameEngine.m */; };
		2C85CB6A0B7B342900C89869 /* MainMenu.nib in Resources */ = {isa = PBXBuildFile; fileRef = 29B97318FDCFA39411CA2CEA /* MainMenu.nib */; };
		2C85CB6B0B7B342900C89869 /* InfoPlist.strings in Resources */ = {isa = PBXBuildFile; fileRef = 089C165CFE840E0CC02AAC07 /* InfoPlist.strings */; };
		2C85CB6E0B7B342900C89869 /* main.m in Sources */ = {isa = PBXBuildFile; fileRef = 29B97316FDCFA39411CA2CEA /* main.m */; settings = {ATTRIBUTES = (); }; };
		2C85CB710B7B342900C89869 /* Cocoa.framework in Frameworks */ = {isa = PBXBuildFile; fileRef = 1058C7A1FEA54F0111CA2CBB /* Cocoa.framework */; };
		2C85CB720B7B342900C89869 /* AppleScriptKit.framework in Frameworks */ = {isa = PBXBuildFile; fileRef = DA206CF1015C4E2903C91932 /* AppleScriptKit.framework */; };
		2C85CC1D0B7B38D400C89869 /* DonationReminder.framework in Frameworks */ = {isa = PBXBuildFile; fileRef = 2C85CC1C0B7B38D400C89869 /* DonationReminder.framework */; };
		2C85CC1E0B7B38D800C89869 /* DonationReminder.framework in CopyFiles */ = {isa = PBXBuildFile; fileRef = 2C85CC1C0B7B38D400C89869 /* DonationReminder.framework */; };
		2C85CC220B7B398100C89869 /* FactorySettings.plist in Resources */ = {isa = PBXBuildFile; fileRef = 2C85CC210B7B398100C89869 /* FactorySettings.plist */; };
		2C85CC310B7B3A1100C89869 /* AppController.m in Sources */ = {isa = PBXBuildFile; fileRef = 2C85CC2F0B7B3A1100C89869 /* AppController.m */; };
		2C86A6100F97900E0092242D /* RegexKitLite.m in Sources */ = {isa = PBXBuildFile; fileRef = 2C86A60E0F97900E0092242D /* RegexKitLite.m */; };
		2CA9A134101054380060A187 /* PreferencesWindowController.m in Sources */ = {isa = PBXBuildFile; fileRef = 2CA9A132101054380060A187 /* PreferencesWindowController.m */; };
		2CA9A19B101061300060A187 /* ModeIndexTransformer.m in Sources */ = {isa = PBXBuildFile; fileRef = 2CA9A199101061300060A187 /* ModeIndexTransformer.m */; };
		2CA9A1CC10107BEE0060A187 /* ModeIsNotNumberingTransfomer.m in Sources */ = {isa = PBXBuildFile; fileRef = 2CA9A1CA10107BEE0060A187 /* ModeIsNotNumberingTransfomer.m */; };
		2CA9A5EA1013154B0060A187 /* DNDArrayController.m in Sources */ = {isa = PBXBuildFile; fileRef = 2CA9A5E81013154B0060A187 /* DNDArrayController.m */; };
		2CA9A71510153DA70060A187 /* plus.tiff in Resources */ = {isa = PBXBuildFile; fileRef = 2CA9A71310153DA70060A187 /* plus.tiff */; };
		2CA9A71610153DA70060A187 /* minus.tiff in Resources */ = {isa = PBXBuildFile; fileRef = 2CA9A71410153DA70060A187 /* minus.tiff */; };
		2CB0F31A100D65A60006899A /* wizard32.png in Resources */ = {isa = PBXBuildFile; fileRef = 2CB0F319100D65A60006899A /* wizard32.png */; };
		2CB0F40A100E496A0006899A /* pulldown_arrow_small.tiff in Resources */ = {isa = PBXBuildFile; fileRef = 2CB0F409100E496A0006899A /* pulldown_arrow_small.tiff */; };
		2CC6806F0D9B5ACC002301F5 /* Localizable.strings in Resources */ = {isa = PBXBuildFile; fileRef = 2CC6806D0D9B5ACC002301F5 /* Localizable.strings */; };
		2CE800A90F981EA300AD454A /* StringExtra.m in Sources */ = {isa = PBXBuildFile; fileRef = 2CE8008E0F9819FB00AD454A /* StringExtra.m */; };
		2CE800FB0F98296000AD454A /* WindowVisibilityController.m in Sources */ = {isa = PBXBuildFile; fileRef = 2CE800900F9819FB00AD454A /* WindowVisibilityController.m */; };
		2CE800FC0F98296300AD454A /* PaletteWindowController.m in Sources */ = {isa = PBXBuildFile; fileRef = 2CE8008A0F9819FB00AD454A /* PaletteWindowController.m */; };
		2CE801240F982A4100AD454A /* SmartActivate.c in Sources */ = {isa = PBXBuildFile; fileRef = 2CE801210F982A4100AD454A /* SmartActivate.c */; };
		2CE801260F982A4100AD454A /* SmartActivate.m in Sources */ = {isa = PBXBuildFile; fileRef = 2CE801230F982A4100AD454A /* SmartActivate.m */; };
		2CE8016A0F982B1900AD454A /* Carbon.framework in Frameworks */ = {isa = PBXBuildFile; fileRef = 2CE801690F982B1900AD454A /* Carbon.framework */; };
		2CED519F0F986B0F007CD3B4 /* Sparkle.framework in Frameworks */ = {isa = PBXBuildFile; fileRef = 2CED519E0F986B0F007CD3B4 /* Sparkle.framework */; };
		2CED51A60F986B1B007CD3B4 /* Sparkle.framework in CopyFiles */ = {isa = PBXBuildFile; fileRef = 2CED519E0F986B0F007CD3B4 /* Sparkle.framework */; };
		2CED51C60F986DDC007CD3B4 /* dsa_pub.pem in Resources */ = {isa = PBXBuildFile; fileRef = 2CED51C50F986DDC007CD3B4 /* dsa_pub.pem */; };
		2CEFC3AF10186201003C67DB /* PowerRenamer.icns in Resources */ = {isa = PBXBuildFile; fileRef = 2CEFC3AE10186201003C67DB /* PowerRenamer.icns */; };
		2CEFC69910215E55003C67DB /* ServicesMenu.strings in Resources */ = {isa = PBXBuildFile; fileRef = 2CEFC69810215E55003C67DB /* ServicesMenu.strings */; };
		2CEFC78A102174C6003C67DB /* RenameItem.m in Sources */ = {isa = PBXBuildFile; fileRef = 2CEFC788102174C6003C67DB /* RenameItem.m */; };
		2CEFCA521022F6E0003C67DB /* PreviewTableView.m in Sources */ = {isa = PBXBuildFile; fileRef = 2CEFCA501022F6E0003C67DB /* PreviewTableView.m */; };
/* End PBXBuildFile section */

/* Begin PBXCopyFilesBuildPhase section */
		2C85CB750B7B342900C89869 /* CopyFiles */ = {
			isa = PBXCopyFilesBuildPhase;
			buildActionMask = 2147483647;
			dstPath = "";
			dstSubfolderSpec = 10;
			files = (
				2CED51A60F986B1B007CD3B4 /* Sparkle.framework in CopyFiles */,
				2C85CC1E0B7B38D800C89869 /* DonationReminder.framework in CopyFiles */,
			);
			runOnlyForDeploymentPostprocessing = 0;
		};
/* End PBXCopyFilesBuildPhase section */

/* Begin PBXFileReference section */
		089C165DFE840E0CC02AAC07 /* English */ = {isa = PBXFileReference; fileEncoding = 10; lastKnownFileType = text.plist.strings; name = English; path = English.lproj/InfoPlist.strings; sourceTree = "<group>"; };
		1058C7A1FEA54F0111CA2CBB /* Cocoa.framework */ = {isa = PBXFileReference; lastKnownFileType = wrapper.framework; name = Cocoa.framework; path = /System/Library/Frameworks/Cocoa.framework; sourceTree = "<absolute>"; };
		29B97316FDCFA39411CA2CEA /* main.m */ = {isa = PBXFileReference; fileEncoding = 30; lastKnownFileType = sourcecode.c.objc; path = main.m; sourceTree = "<group>"; };
		29B97319FDCFA39411CA2CEA /* English */ = {isa = PBXFileReference; lastKnownFileType = wrapper.nib; name = English; path = English.lproj/MainMenu.nib; sourceTree = "<group>"; };
		29B97324FDCFA39411CA2CEA /* AppKit.framework */ = {isa = PBXFileReference; lastKnownFileType = wrapper.framework; name = AppKit.framework; path = /System/Library/Frameworks/AppKit.framework; sourceTree = "<absolute>"; };
		29B97325FDCFA39411CA2CEA /* Foundation.framework */ = {isa = PBXFileReference; lastKnownFileType = wrapper.framework; name = Foundation.framework; path = /System/Library/Frameworks/Foundation.framework; sourceTree = "<absolute>"; };
		2C061F1310231DAD004E7EDC /* Credits.rtf */ = {isa = PBXFileReference; lastKnownFileType = text.rtf; path = Credits.rtf; sourceTree = "<group>"; };
		2C2100251002D65100850A76 /* FrontAppMonitor.h */ = {isa = PBXFileReference; fileEncoding = 4; lastKnownFileType = sourcecode.c.h; path = FrontAppMonitor.h; sourceTree = "<group>"; };
		2C2100261002D65100850A76 /* FrontAppMonitor.m */ = {isa = PBXFileReference; fileEncoding = 4; lastKnownFileType = sourcecode.c.objc; path = FrontAppMonitor.m; sourceTree = "<group>"; };
		2C278C8A100ECD230092CFDE /* plus24.png */ = {isa = PBXFileReference; lastKnownFileType = image.png; path = plus24.png; sourceTree = "<group>"; };
		2C278CCE100ECE8C0092CFDE /* AddDummyAtFirstTransformer.m */ = {isa = PBXFileReference; fileEncoding = 4; lastKnownFileType = sourcecode.c.objc; path = AddDummyAtFirstTransformer.m; sourceTree = "<group>"; };
		2C278CCF100ECE8C0092CFDE /* AddDummyAtFirstTransformer.h */ = {isa = PBXFileReference; fileEncoding = 4; lastKnownFileType = sourcecode.c.h; path = AddDummyAtFirstTransformer.h; sourceTree = "<group>"; };
		2C278DBF100FF5A60092CFDE /* English */ = {isa = PBXFileReference; lastKnownFileType = wrapper.nib; name = English; path = English.lproj/PreferencesWindow.nib; sourceTree = "<group>"; };
		2C3263780D9B390A00631FC8 /* History.rd */ = {isa = PBXFileReference; fileEncoding = 4; lastKnownFileType = text; lineEnding = 0; name = History.rd; path = ../../History.rd; sourceTree = SOURCE_ROOT; };
		2C4479600FFCF10A009DA83E /* English */ = {isa = PBXFileReference; lastKnownFileType = wrapper.nib; name = English; path = English.lproj/RenameWindow.nib; sourceTree = "<group>"; };
		2C447B640FFE2E73009DA83E /* RenameOptionsProtocol.h */ = {isa = PBXFileReference; fileEncoding = 4; lastKnownFileType = sourcecode.c.h; path = RenameOptionsProtocol.h; sourceTree = "<group>"; };
		2C447C3F0FFFABE1009DA83E /* OSAKit.framework */ = {isa = PBXFileReference; lastKnownFileType = wrapper.framework; name = OSAKit.framework; path = /System/Library/Frameworks/OSAKit.framework; sourceTree = "<absolute>"; };
		2C447DBB1000EE36009DA83E /* AltActionButton.h */ = {isa = PBXFileReference; fileEncoding = 4; lastKnownFileType = sourcecode.c.h; path = AltActionButton.h; sourceTree = "<group>"; };
		2C447DBC1000EE36009DA83E /* AltActionButton.m */ = {isa = PBXFileReference; fileEncoding = 4; lastKnownFileType = sourcecode.c.objc; path = AltActionButton.m; sourceTree = "<group>"; };
		2C54277B0B7C05B900820867 /* HelpSetup.plist */ = {isa = PBXFileReference; explicitFileType = text.plist; fileEncoding = 0; path = HelpSetup.plist; sourceTree = "<group>"; };
		2C5B7DFF0FF098F700D5ED31 /* RenameWindowController.h */ = {isa = PBXFileReference; fileEncoding = 4; lastKnownFileType = sourcecode.c.h; path = RenameWindowController.h; sourceTree = "<group>"; };
		2C5B7E000FF098F700D5ED31 /* RenameWindowController.m */ = {isa = PBXFileReference; fileEncoding = 4; lastKnownFileType = sourcecode.c.objc; path = RenameWindowController.m; sourceTree = "<group>"; };
		2C5B7E110FF0A39C00D5ED31 /* FinderSelectionController.applescript */ = {isa = PBXFileReference; fileEncoding = 4; lastKnownFileType = sourcecode.applescript; path = FinderSelectionController.applescript; sourceTree = "<group>"; };
		2C5B7E130FF0A44A00D5ED31 /* RenameEngine.h */ = {isa = PBXFileReference; fileEncoding = 4; lastKnownFileType = sourcecode.c.h; path = RenameEngine.h; sourceTree = "<group>"; };
		2C5B7E140FF0A44A00D5ED31 /* RenameEngine.m */ = {isa = PBXFileReference; fileEncoding = 4; lastKnownFileType = sourcecode.c.objc; path = RenameEngine.m; sourceTree = "<group>"; };
		2C85CB7C0B7B342900C89869 /* Info-PowerRenamer.plist */ = {isa = PBXFileReference; explicitFileType = text.plist; fileEncoding = 4; path = "Info-PowerRenamer.plist"; sourceTree = "<group>"; };
		2C85CB7D0B7B342900C89869 /* PowerRenamer.app */ = {isa = PBXFileReference; explicitFileType = wrapper.application; includeInIndex = 0; path = PowerRenamer.app; sourceTree = BUILT_PRODUCTS_DIR; };
		2C85CC1C0B7B38D400C89869 /* DonationReminder.framework */ = {isa = PBXFileReference; lastKnownFileType = wrapper.framework; name = DonationReminder.framework; path = ../DonationReminder.framework; sourceTree = SOURCE_ROOT; };
		2C85CC210B7B398100C89869 /* FactorySettings.plist */ = {isa = PBXFileReference; fileEncoding = 4; lastKnownFileType = text.plist.xml; path = FactorySettings.plist; sourceTree = "<group>"; };
		2C85CC2E0B7B3A1100C89869 /* AppController.h */ = {isa = PBXFileReference; fileEncoding = 4; lastKnownFileType = sourcecode.c.h; path = AppController.h; sourceTree = "<group>"; };
		2C85CC2F0B7B3A1100C89869 /* AppController.m */ = {isa = PBXFileReference; fileEncoding = 4; lastKnownFileType = sourcecode.c.objc; path = AppController.m; sourceTree = "<group>"; };
		2C86A60D0F97900E0092242D /* RegexKitLite.h */ = {isa = PBXFileReference; fileEncoding = 4; lastKnownFileType = sourcecode.c.h; path = RegexKitLite.h; sourceTree = "<group>"; };
		2C86A60E0F97900E0092242D /* RegexKitLite.m */ = {isa = PBXFileReference; fileEncoding = 4; lastKnownFileType = sourcecode.c.objc; path = RegexKitLite.m; sourceTree = "<group>"; };
		2CA9A131101054380060A187 /* PreferencesWindowController.h */ = {isa = PBXFileReference; fileEncoding = 4; lastKnownFileType = sourcecode.c.h; path = PreferencesWindowController.h; sourceTree = "<group>"; };
		2CA9A132101054380060A187 /* PreferencesWindowController.m */ = {isa = PBXFileReference; fileEncoding = 4; lastKnownFileType = sourcecode.c.objc; path = PreferencesWindowController.m; sourceTree = "<group>"; };
		2CA9A198101061300060A187 /* ModeIndexTransformer.h */ = {isa = PBXFileReference; fileEncoding = 4; lastKnownFileType = sourcecode.c.h; path = ModeIndexTransformer.h; sourceTree = "<group>"; };
		2CA9A199101061300060A187 /* ModeIndexTransformer.m */ = {isa = PBXFileReference; fileEncoding = 4; lastKnownFileType = sourcecode.c.objc; path = ModeIndexTransformer.m; sourceTree = "<group>"; };
		2CA9A1C910107BEE0060A187 /* ModeIsNotNumberingTransfomer.h */ = {isa = PBXFileReference; fileEncoding = 4; lastKnownFileType = sourcecode.c.h; path = ModeIsNotNumberingTransfomer.h; sourceTree = "<group>"; };
		2CA9A1CA10107BEE0060A187 /* ModeIsNotNumberingTransfomer.m */ = {isa = PBXFileReference; fileEncoding = 4; lastKnownFileType = sourcecode.c.objc; path = ModeIsNotNumberingTransfomer.m; sourceTree = "<group>"; };
		2CA9A5E81013154B0060A187 /* DNDArrayController.m */ = {isa = PBXFileReference; fileEncoding = 4; lastKnownFileType = sourcecode.c.objc; path = DNDArrayController.m; sourceTree = "<group>"; };
		2CA9A5E91013154B0060A187 /* DNDArrayController.h */ = {isa = PBXFileReference; fileEncoding = 4; lastKnownFileType = sourcecode.c.h; path = DNDArrayController.h; sourceTree = "<group>"; };
		2CA9A71310153DA70060A187 /* plus.tiff */ = {isa = PBXFileReference; lastKnownFileType = image.tiff; path = plus.tiff; sourceTree = "<group>"; };
		2CA9A71410153DA70060A187 /* minus.tiff */ = {isa = PBXFileReference; lastKnownFileType = image.tiff; path = minus.tiff; sourceTree = "<group>"; };
		2CB0F319100D65A60006899A /* wizard32.png */ = {isa = PBXFileReference; lastKnownFileType = image.png; path = wizard32.png; sourceTree = "<group>"; };
		2CB0F409100E496A0006899A /* pulldown_arrow_small.tiff */ = {isa = PBXFileReference; lastKnownFileType = image.tiff; path = pulldown_arrow_small.tiff; sourceTree = "<group>"; };
		2CC6806E0D9B5ACC002301F5 /* English */ = {isa = PBXFileReference; fileEncoding = 10; lastKnownFileType = text.plist.strings; name = English; path = English.lproj/Localizable.strings; sourceTree = "<group>"; };
		2CE800830F9819FB00AD454A /* DropBox.h */ = {isa = PBXFileReference; fileEncoding = 4; lastKnownFileType = sourcecode.c.h; path = DropBox.h; sourceTree = "<group>"; };
		2CE800840F9819FB00AD454A /* DropBox.m */ = {isa = PBXFileReference; fileEncoding = 4; lastKnownFileType = sourcecode.c.objc; path = DropBox.m; sourceTree = "<group>"; };
		2CE800850F9819FB00AD454A /* NDAlias.h */ = {isa = PBXFileReference; fileEncoding = 4; lastKnownFileType = sourcecode.c.h; path = NDAlias.h; sourceTree = "<group>"; };
		2CE800860F9819FB00AD454A /* NDAlias.m */ = {isa = PBXFileReference; fileEncoding = 4; lastKnownFileType = sourcecode.c.objc; path = NDAlias.m; sourceTree = "<group>"; };
		2CE800870F9819FB00AD454A /* NSURL+NDCarbonUtilities.h */ = {isa = PBXFileReference; fileEncoding = 4; lastKnownFileType = sourcecode.c.h; path = "NSURL+NDCarbonUtilities.h"; sourceTree = "<group>"; };
		2CE800880F9819FB00AD454A /* NSURL+NDCarbonUtilities.m */ = {isa = PBXFileReference; fileEncoding = 4; lastKnownFileType = sourcecode.c.objc; path = "NSURL+NDCarbonUtilities.m"; sourceTree = "<group>"; };
		2CE800890F9819FB00AD454A /* PaletteWindowController.h */ = {isa = PBXFileReference; fileEncoding = 4; lastKnownFileType = sourcecode.c.h; path = PaletteWindowController.h; sourceTree = "<group>"; };
		2CE8008A0F9819FB00AD454A /* PaletteWindowController.m */ = {isa = PBXFileReference; fileEncoding = 4; lastKnownFileType = sourcecode.c.objc; path = PaletteWindowController.m; sourceTree = "<group>"; };
		2CE8008B0F9819FB00AD454A /* PathExtra.h */ = {isa = PBXFileReference; fileEncoding = 4; lastKnownFileType = sourcecode.c.h; path = PathExtra.h; sourceTree = "<group>"; };
		2CE8008C0F9819FB00AD454A /* PathExtra.m */ = {isa = PBXFileReference; fileEncoding = 4; lastKnownFileType = sourcecode.c.objc; path = PathExtra.m; sourceTree = "<group>"; };
		2CE8008D0F9819FB00AD454A /* StringExtra.h */ = {isa = PBXFileReference; fileEncoding = 4; lastKnownFileType = sourcecode.c.h; path = StringExtra.h; sourceTree = "<group>"; };
		2CE8008E0F9819FB00AD454A /* StringExtra.m */ = {isa = PBXFileReference; fileEncoding = 4; lastKnownFileType = sourcecode.c.objc; path = StringExtra.m; sourceTree = "<group>"; };
		2CE8008F0F9819FB00AD454A /* WindowVisibilityController.h */ = {isa = PBXFileReference; fileEncoding = 4; lastKnownFileType = sourcecode.c.h; path = WindowVisibilityController.h; sourceTree = "<group>"; };
		2CE800900F9819FB00AD454A /* WindowVisibilityController.m */ = {isa = PBXFileReference; fileEncoding = 4; lastKnownFileType = sourcecode.c.objc; path = WindowVisibilityController.m; sourceTree = "<group>"; };
		2CE801210F982A4100AD454A /* SmartActivate.c */ = {isa = PBXFileReference; fileEncoding = 4; lastKnownFileType = sourcecode.c.c; path = SmartActivate.c; sourceTree = "<group>"; };
		2CE801220F982A4100AD454A /* SmartActivate.h */ = {isa = PBXFileReference; fileEncoding = 4; lastKnownFileType = sourcecode.c.h; path = SmartActivate.h; sourceTree = "<group>"; };
		2CE801230F982A4100AD454A /* SmartActivate.m */ = {isa = PBXFileReference; fileEncoding = 4; lastKnownFileType = sourcecode.c.objc; path = SmartActivate.m; sourceTree = "<group>"; };
		2CE801690F982B1900AD454A /* Carbon.framework */ = {isa = PBXFileReference; lastKnownFileType = wrapper.framework; name = Carbon.framework; path = /System/Library/Frameworks/Carbon.framework; sourceTree = "<absolute>"; };
		2CED519E0F986B0F007CD3B4 /* Sparkle.framework */ = {isa = PBXFileReference; lastKnownFileType = wrapper.framework; name = Sparkle.framework; path = ../Sparkle.framework; sourceTree = SOURCE_ROOT; };
		2CED51C50F986DDC007CD3B4 /* dsa_pub.pem */ = {isa = PBXFileReference; fileEncoding = 4; lastKnownFileType = text; path = dsa_pub.pem; sourceTree = "<group>"; };
		2CEFC3AE10186201003C67DB /* PowerRenamer.icns */ = {isa = PBXFileReference; lastKnownFileType = image.icns; path = PowerRenamer.icns; sourceTree = "<group>"; };
		2CEFC69610215E4B003C67DB /* English */ = {isa = PBXFileReference; fileEncoding = 4; lastKnownFileType = text.plist.strings; name = English; path = English.lproj/ServicesMenu.strings; sourceTree = "<group>"; };
		2CEFC787102174C6003C67DB /* RenameItem.h */ = {isa = PBXFileReference; fileEncoding = 4; lastKnownFileType = sourcecode.c.h; path = RenameItem.h; sourceTree = "<group>"; };
		2CEFC788102174C6003C67DB /* RenameItem.m */ = {isa = PBXFileReference; fileEncoding = 4; lastKnownFileType = sourcecode.c.objc; path = RenameItem.m; sourceTree = "<group>"; };
		2CEFC9681022C9D8003C67DB /* DNDArrayControllerDataTypesProtocol.h */ = {isa = PBXFileReference; fileEncoding = 4; lastKnownFileType = sourcecode.c.h; path = DNDArrayControllerDataTypesProtocol.h; sourceTree = "<group>"; };
		2CEFCA4F1022F6E0003C67DB /* PreviewTableView.h */ = {isa = PBXFileReference; fileEncoding = 4; lastKnownFileType = sourcecode.c.h; path = PreviewTableView.h; sourceTree = "<group>"; };
		2CEFCA501022F6E0003C67DB /* PreviewTableView.m */ = {isa = PBXFileReference; fileEncoding = 4; lastKnownFileType = sourcecode.c.objc; path = PreviewTableView.m; sourceTree = "<group>"; };
		DA206CF1015C4E2903C91932 /* AppleScriptKit.framework */ = {isa = PBXFileReference; lastKnownFileType = wrapper.framework; name = AppleScriptKit.framework; path = /System/Library/Frameworks/AppleScriptKit.framework; sourceTree = "<absolute>"; };
		DA206CF4015C4E8B03C91932 /* AppleScriptKit.asdictionary */ = {isa = PBXFileReference; lastKnownFileType = archive.asdictionary; name = AppleScriptKit.asdictionary; path = /System/Library/Frameworks/AppleScriptKit.framework/Versions/A/Resources/AppleScriptKit.asdictionary; sourceTree = "<absolute>"; };
/* End PBXFileReference section */

/* Begin PBXFrameworksBuildPhase section */
		2C85CB700B7B342900C89869 /* Frameworks */ = {
			isa = PBXFrameworksBuildPhase;
			buildActionMask = 2147483647;
			files = (
				2C85CB710B7B342900C89869 /* Cocoa.framework in Frameworks */,
				2C85CB720B7B342900C89869 /* AppleScriptKit.framework in Frameworks */,
				2C85CC1D0B7B38D400C89869 /* DonationReminder.framework in Frameworks */,
				2CE8016A0F982B1900AD454A /* Carbon.framework in Frameworks */,
				2CED519F0F986B0F007CD3B4 /* Sparkle.framework in Frameworks */,
				2C447C400FFFABE1009DA83E /* OSAKit.framework in Frameworks */,
			);
			runOnlyForDeploymentPostprocessing = 0;
		};
/* End PBXFrameworksBuildPhase section */

/* Begin PBXGroup section */
		080E96DDFE201D6D7F000001 /* Scripts */ = {
			isa = PBXGroup;
			children = (
				2C5B7E110FF0A39C00D5ED31 /* FinderSelectionController.applescript */,
			);
			name = Scripts;
			sourceTree = "<group>";
		};
		1058C7A0FEA54F0111CA2CBB /* Linked Frameworks */ = {
			isa = PBXGroup;
			children = (
				2C447C3F0FFFABE1009DA83E /* OSAKit.framework */,
				2CED519E0F986B0F007CD3B4 /* Sparkle.framework */,
				2CE801690F982B1900AD454A /* Carbon.framework */,
				2C85CC1C0B7B38D400C89869 /* DonationReminder.framework */,
				1058C7A1FEA54F0111CA2CBB /* Cocoa.framework */,
				DA206CF1015C4E2903C91932 /* AppleScriptKit.framework */,
			);
			name = "Linked Frameworks";
			sourceTree = "<group>";
		};
		1058C7A2FEA54F0111CA2CBB /* Other Frameworks */ = {
			isa = PBXGroup;
			children = (
				29B97325FDCFA39411CA2CEA /* Foundation.framework */,
				29B97324FDCFA39411CA2CEA /* AppKit.framework */,
			);
			name = "Other Frameworks";
			sourceTree = "<group>";
		};
		19C28FACFE9D520D11CA2CBB /* Products */ = {
			isa = PBXGroup;
			children = (
				2C85CB7D0B7B342900C89869 /* PowerRenamer.app */,
			);
			name = Products;
			sourceTree = "<group>";
		};
		29B97314FDCFA39411CA2CEA /* Application */ = {
			isa = PBXGroup;
			children = (
				2C5B7DE80FF0985F00D5ED31 /* Classes */,
				2C3263780D9B390A00631FC8 /* History.rd */,
				080E96DDFE201D6D7F000001 /* Scripts */,
				2CE801200F982A4100AD454A /* SmartActivateLib */,
				2CE800820F9819FB00AD454A /* CocoaLib */,
				2C86A60C0F97900E0092242D /* RegexpKitLite */,
				29B97317FDCFA39411CA2CEA /* Resources */,
				29B97315FDCFA39411CA2CEA /* Other Sources */,
				29B97323FDCFA39411CA2CEA /* Frameworks */,
				19C28FACFE9D520D11CA2CBB /* Products */,
			);
			name = Application;
			sourceTree = "<group>";
		};
		29B97315FDCFA39411CA2CEA /* Other Sources */ = {
			isa = PBXGroup;
			children = (
				29B97316FDCFA39411CA2CEA /* main.m */,
			);
			name = "Other Sources";
			sourceTree = "<group>";
		};
		29B97317FDCFA39411CA2CEA /* Resources */ = {
			isa = PBXGroup;
			children = (
				2CEFC3AE10186201003C67DB /* PowerRenamer.icns */,
				2CA9A71310153DA70060A187 /* plus.tiff */,
				2CA9A71410153DA70060A187 /* minus.tiff */,
				2C278C8A100ECD230092CFDE /* plus24.png */,
				2CB0F409100E496A0006899A /* pulldown_arrow_small.tiff */,
				2CB0F319100D65A60006899A /* wizard32.png */,
				2CED51C50F986DDC007CD3B4 /* dsa_pub.pem */,
				2C061F1310231DAD004E7EDC /* Credits.rtf */,
				2CC6806D0D9B5ACC002301F5 /* Localizable.strings */,
				2C54277B0B7C05B900820867 /* HelpSetup.plist */,
				2C85CB7C0B7B342900C89869 /* Info-PowerRenamer.plist */,
				2C278DBE100FF5A60092CFDE /* PreferencesWindow.nib */,
				2C44795F0FFCF10A009DA83E /* RenameWindow.nib */,
				29B97318FDCFA39411CA2CEA /* MainMenu.nib */,
				089C165CFE840E0CC02AAC07 /* InfoPlist.strings */,
				DA206CF4015C4E8B03C91932 /* AppleScriptKit.asdictionary */,
				2C85CC210B7B398100C89869 /* FactorySettings.plist */,
				2CEFC69810215E55003C67DB /* ServicesMenu.strings */,
			);
			name = Resources;
			sourceTree = "<group>";
		};
		29B97323FDCFA39411CA2CEA /* Frameworks */ = {
			isa = PBXGroup;
			children = (
				1058C7A0FEA54F0111CA2CBB /* Linked Frameworks */,
				1058C7A2FEA54F0111CA2CBB /* Other Frameworks */,
			);
			name = Frameworks;
			sourceTree = "<group>";
		};
		2C5B7DE80FF0985F00D5ED31 /* Classes */ = {
			isa = PBXGroup;
			children = (
				2CA9A5E81013154B0060A187 /* DNDArrayController.m */,
				2CEFCA4F1022F6E0003C67DB /* PreviewTableView.h */,
				2CEFCA501022F6E0003C67DB /* PreviewTableView.m */,
				2CA9A5E91013154B0060A187 /* DNDArrayController.h */,
				2C278CCE100ECE8C0092CFDE /* AddDummyAtFirstTransformer.m */,
				2C278CCF100ECE8C0092CFDE /* AddDummyAtFirstTransformer.h */,
				2C447DBB1000EE36009DA83E /* AltActionButton.h */,
				2C447DBC1000EE36009DA83E /* AltActionButton.m */,
				2C85CC2E0B7B3A1100C89869 /* AppController.h */,
				2C85CC2F0B7B3A1100C89869 /* AppController.m */,
				2C5B7DFF0FF098F700D5ED31 /* RenameWindowController.h */,
				2C5B7E000FF098F700D5ED31 /* RenameWindowController.m */,
				2C5B7E130FF0A44A00D5ED31 /* RenameEngine.h */,
				2C5B7E140FF0A44A00D5ED31 /* RenameEngine.m */,
				2C447B640FFE2E73009DA83E /* RenameOptionsProtocol.h */,
				2CA9A131101054380060A187 /* PreferencesWindowController.h */,
				2CA9A132101054380060A187 /* PreferencesWindowController.m */,
				2CA9A198101061300060A187 /* ModeIndexTransformer.h */,
				2CA9A199101061300060A187 /* ModeIndexTransformer.m */,
				2CA9A1C910107BEE0060A187 /* ModeIsNotNumberingTransfomer.h */,
				2CA9A1CA10107BEE0060A187 /* ModeIsNotNumberingTransfomer.m */,
				2CEFC787102174C6003C67DB /* RenameItem.h */,
				2CEFC788102174C6003C67DB /* RenameItem.m */,
				2CEFC9681022C9D8003C67DB /* DNDArrayControllerDataTypesProtocol.h */,
			);
			name = Classes;
			sourceTree = "<group>";
		};
		2C86A60C0F97900E0092242D /* RegexpKitLite */ = {
			isa = PBXGroup;
			children = (
				2C86A60D0F97900E0092242D /* RegexKitLite.h */,
				2C86A60E0F97900E0092242D /* RegexKitLite.m */,
			);
			path = RegexpKitLite;
			sourceTree = "<group>";
		};
		2CE800820F9819FB00AD454A /* CocoaLib */ = {
			isa = PBXGroup;
			children = (
				2CE800830F9819FB00AD454A /* DropBox.h */,
				2CE800840F9819FB00AD454A /* DropBox.m */,
				2CE800850F9819FB00AD454A /* NDAlias.h */,
				2CE800860F9819FB00AD454A /* NDAlias.m */,
				2CE800870F9819FB00AD454A /* NSURL+NDCarbonUtilities.h */,
				2CE800880F9819FB00AD454A /* NSURL+NDCarbonUtilities.m */,
				2CE800890F9819FB00AD454A /* PaletteWindowController.h */,
				2CE8008A0F9819FB00AD454A /* PaletteWindowController.m */,
				2CE8008B0F9819FB00AD454A /* PathExtra.h */,
				2CE8008C0F9819FB00AD454A /* PathExtra.m */,
				2CE8008D0F9819FB00AD454A /* StringExtra.h */,
				2CE8008E0F9819FB00AD454A /* StringExtra.m */,
				2CE8008F0F9819FB00AD454A /* WindowVisibilityController.h */,
				2CE800900F9819FB00AD454A /* WindowVisibilityController.m */,
				2C2100251002D65100850A76 /* FrontAppMonitor.h */,
				2C2100261002D65100850A76 /* FrontAppMonitor.m */,
			);
			path = CocoaLib;
			sourceTree = "<group>";
		};
		2CE801200F982A4100AD454A /* SmartActivateLib */ = {
			isa = PBXGroup;
			children = (
				2CE801210F982A4100AD454A /* SmartActivate.c */,
				2CE801220F982A4100AD454A /* SmartActivate.h */,
				2CE801230F982A4100AD454A /* SmartActivate.m */,
			);
			path = SmartActivateLib;
			sourceTree = "<group>";
		};
/* End PBXGroup section */

/* Begin PBXHeadersBuildPhase section */
		2C85CB630B7B342900C89869 /* Headers */ = {
			isa = PBXHeadersBuildPhase;
			buildActionMask = 2147483647;
			files = (
			);
			runOnlyForDeploymentPostprocessing = 0;
		};
/* End PBXHeadersBuildPhase section */

/* Begin PBXNativeTarget section */
		2C85CB620B7B342900C89869 /* PowerRenamer */ = {
			isa = PBXNativeTarget;
			buildConfigurationList = 2C85CB770B7B342900C89869 /* Build configuration list for PBXNativeTarget "PowerRenamer" */;
			buildPhases = (
				2C85CB630B7B342900C89869 /* Headers */,
				2C85CB650B7B342900C89869 /* AppleScript */,
				2C85CB690B7B342900C89869 /* Resources */,
				2C85CB6D0B7B342900C89869 /* Sources */,
				2C85CB700B7B342900C89869 /* Frameworks */,
				2C85CB740B7B342900C89869 /* ShellScript */,
				2C85CB750B7B342900C89869 /* CopyFiles */,
			);
			buildRules = (
			);
			dependencies = (
			);
			name = PowerRenamer;
			productInstallPath = "$(HOME)/Applications";
			productName = Application;
			productReference = 2C85CB7D0B7B342900C89869 /* PowerRenamer.app */;
			productType = "com.apple.product-type.application";
		};
/* End PBXNativeTarget section */

/* Begin PBXProject section */
		29B97313FDCFA39411CA2CEA /* Project object */ = {
			isa = PBXProject;
			buildConfigurationList = 2C85C6D90B7B114200C89869 /* Build configuration list for PBXProject "PowerRenamer" */;
			compatibilityVersion = "Xcode 2.4";
			hasScannedForEncodings = 1;
			mainGroup = 29B97314FDCFA39411CA2CEA /* Application */;
			projectDirPath = "";
			projectRoot = "";
			targets = (
				2C85CB620B7B342900C89869 /* PowerRenamer */,
			);
		};
/* End PBXProject section */

/* Begin PBXResourcesBuildPhase section */
		2C85CB690B7B342900C89869 /* Resources */ = {
			isa = PBXResourcesBuildPhase;
			buildActionMask = 2147483647;
			files = (
				2C85CB6A0B7B342900C89869 /* MainMenu.nib in Resources */,
				2C85CB6B0B7B342900C89869 /* InfoPlist.strings in Resources */,
				2C85CC220B7B398100C89869 /* FactorySettings.plist in Resources */,
				2C54277C0B7C05B900820867 /* HelpSetup.plist in Resources */,
				2CC6806F0D9B5ACC002301F5 /* Localizable.strings in Resources */,
				2CED51C60F986DDC007CD3B4 /* dsa_pub.pem in Resources */,
				2C4479610FFCF10A009DA83E /* RenameWindow.nib in Resources */,
				2CB0F31A100D65A60006899A /* wizard32.png in Resources */,
				2CB0F40A100E496A0006899A /* pulldown_arrow_small.tiff in Resources */,
				2C278C8B100ECD230092CFDE /* plus24.png in Resources */,
				2C278DC0100FF5A60092CFDE /* PreferencesWindow.nib in Resources */,
				2CA9A71510153DA70060A187 /* plus.tiff in Resources */,
				2CA9A71610153DA70060A187 /* minus.tiff in Resources */,
				2CEFC3AF10186201003C67DB /* PowerRenamer.icns in Resources */,
				2CEFC69910215E55003C67DB /* ServicesMenu.strings in Resources */,
				2C061F1410231DAD004E7EDC /* Credits.rtf in Resources */,
			);
			runOnlyForDeploymentPostprocessing = 0;
		};
/* End PBXResourcesBuildPhase section */

/* Begin PBXShellScriptBuildPhase section */
		2C85CB740B7B342900C89869 /* ShellScript */ = {
			isa = PBXShellScriptBuildPhase;
			buildActionMask = 12;
			files = (
			);
			inputPaths = (
			);
			outputPaths = (
			);
			runOnlyForDeploymentPostprocessing = 0;
			shellPath = /bin/sh;
			shellScript = "if [ \"$BUILD_STYLE\" = 'Deployment' ] ; then\nhelpdir=\"$OBJROOT/$TARGET_NAME.app/Contents/Resources/$TARGET_NAME Help/\"\nmkdir -p \"$helpdir\"\nmanual_path='/Users/tkurita/Factories/Websites/scriptfactory folder/scriptfactory/ScriptGallery/FinderScripts/PowerRenamer/manual/index.html'\nsitetears_path='/Users/tkurita/Factories/Perl factory/ProjectsX/SiteTears/SiteTears.pl'\nperl \"$sitetears_path\" \"$manual_path\" \"$helpdir/index.html\"\nopen -a '/Developer/Documentation/Apple Help/Apple Help Indexing Tool.app' \"$helpdir\"\nfi";
		};
/* End PBXShellScriptBuildPhase section */

/* Begin PBXSourcesBuildPhase section */
		2C85CB6D0B7B342900C89869 /* Sources */ = {
			isa = PBXSourcesBuildPhase;
			buildActionMask = 2147483647;
			files = (
				2C85CB6E0B7B342900C89869 /* main.m in Sources */,
				2C85CC310B7B3A1100C89869 /* AppController.m in Sources */,
				2C86A6100F97900E0092242D /* RegexKitLite.m in Sources */,
				2CE800A90F981EA300AD454A /* StringExtra.m in Sources */,
				2CE800FB0F98296000AD454A /* WindowVisibilityController.m in Sources */,
				2CE800FC0F98296300AD454A /* PaletteWindowController.m in Sources */,
				2CE801240F982A4100AD454A /* SmartActivate.c in Sources */,
				2CE801260F982A4100AD454A /* SmartActivate.m in Sources */,
				2C5B7E020FF098F700D5ED31 /* RenameWindowController.m in Sources */,
				2C5B7E160FF0A44A00D5ED31 /* RenameEngine.m in Sources */,
				2C50DCEC0FFC3ECE00AF06C0 /* PathExtra.m in Sources */,
				2C447DBE1000EE36009DA83E /* AltActionButton.m in Sources */,
				2C2100281002D65100850A76 /* FrontAppMonitor.m in Sources */,
				2C278CD0100ECE8C0092CFDE /* AddDummyAtFirstTransformer.m in Sources */,
				2CA9A134101054380060A187 /* PreferencesWindowController.m in Sources */,
				2CA9A19B101061300060A187 /* ModeIndexTransformer.m in Sources */,
				2CA9A1CC10107BEE0060A187 /* ModeIsNotNumberingTransfomer.m in Sources */,
				2CA9A5EA1013154B0060A187 /* DNDArrayController.m in Sources */,
				2CEFC78A102174C6003C67DB /* RenameItem.m in Sources */,
				2CEFCA521022F6E0003C67DB /* PreviewTableView.m in Sources */,
			);
			runOnlyForDeploymentPostprocessing = 0;
		};
/* End PBXSourcesBuildPhase section */

/* Begin PBXVariantGroup section */
		089C165CFE840E0CC02AAC07 /* InfoPlist.strings */ = {
			isa = PBXVariantGroup;
			children = (
				089C165DFE840E0CC02AAC07 /* English */,
			);
			name = InfoPlist.strings;
			sourceTree = "<group>";
		};
		29B97318FDCFA39411CA2CEA /* MainMenu.nib */ = {
			isa = PBXVariantGroup;
			children = (
				29B97319FDCFA39411CA2CEA /* English */,
			);
			name = MainMenu.nib;
			sourceTree = "<group>";
		};
		2C278DBE100FF5A60092CFDE /* PreferencesWindow.nib */ = {
			isa = PBXVariantGroup;
			children = (
				2C278DBF100FF5A60092CFDE /* English */,
			);
			name = PreferencesWindow.nib;
			sourceTree = "<group>";
		};
		2C44795F0FFCF10A009DA83E /* RenameWindow.nib */ = {
			isa = PBXVariantGroup;
			children = (
				2C4479600FFCF10A009DA83E /* English */,
			);
			name = RenameWindow.nib;
			sourceTree = "<group>";
		};
		2CC6806D0D9B5ACC002301F5 /* Localizable.strings */ = {
			isa = PBXVariantGroup;
			children = (
				2CC6806E0D9B5ACC002301F5 /* English */,
			);
			name = Localizable.strings;
			sourceTree = "<group>";
		};
		2CEFC69810215E55003C67DB /* ServicesMenu.strings */ = {
			isa = PBXVariantGroup;
			children = (
				2CEFC69610215E4B003C67DB /* English */,
			);
			name = ServicesMenu.strings;
			sourceTree = "<group>";
		};
/* End PBXVariantGroup section */

/* Begin XCBuildConfiguration section */
		2C85C6DA0B7B114200C89869 /* Debug */ = {
			isa = XCBuildConfiguration;
			buildSettings = {
				GCC_C_LANGUAGE_STANDARD = c99;
				SDKROOT = /Developer/SDKs/MacOSX10.4u.sdk;
			};
			name = Debug;
		};
		2C85C6DB0B7B114200C89869 /* Release */ = {
			isa = XCBuildConfiguration;
			buildSettings = {
				ARCHS = (
					ppc,
					i386,
				);
				GCC_C_LANGUAGE_STANDARD = c99;
				PREBINDING = NO;
				SDKROOT = /Developer/SDKs/MacOSX10.4u.sdk;
			};
			name = Release;
		};
		2C85C6DC0B7B114200C89869 /* SDDebug */ = {
			isa = XCBuildConfiguration;
			buildSettings = {
				GCC_C_LANGUAGE_STANDARD = c99;
				SDKROOT = /Developer/SDKs/MacOSX10.4u.sdk;
			};
			name = SDDebug;
		};
		2C85C6DD0B7B114200C89869 /* Default */ = {
			isa = XCBuildConfiguration;
			buildSettings = {
				GCC_C_LANGUAGE_STANDARD = c99;
				SDKROOT = /Developer/SDKs/MacOSX10.4u.sdk;
			};
			name = Default;
		};
		2C85CB780B7B342900C89869 /* Debug */ = {
			isa = XCBuildConfiguration;
			buildSettings = {
				COPY_PHASE_STRIP = NO;
				FRAMEWORK_SEARCH_PATHS = (
					"$(FRAMEWORK_SEARCH_PATHS)",
					"$(SRCROOT)",
					"$(FRAMEWORK_SEARCH_PATHS_QUOTED_1)",
					"$(FRAMEWORK_SEARCH_PATHS_QUOTED_2)",
					"$(FRAMEWORK_SEARCH_PATHS_QUOTED_FOR_TARGET_1)",
				);
				FRAMEWORK_SEARCH_PATHS_QUOTED_1 = "\"$(SRCROOT)/..\"";
				FRAMEWORK_SEARCH_PATHS_QUOTED_FOR_TARGET_1 = "\"$(SRCROOT)/..\"";
				GCC_DYNAMIC_NO_PIC = NO;
				GCC_ENABLE_FIX_AND_CONTINUE = YES;
				GCC_ENABLE_OBJC_EXCEPTIONS = YES;
				GCC_GENERATE_DEBUGGING_SYMBOLS = YES;
				GCC_OPTIMIZATION_LEVEL = 0;
				GCC_SYMBOLS_PRIVATE_EXTERN = NO;
				HEADER_SEARCH_PATHS = "";
				INFOPLIST_FILE = "Info-PowerRenamer.plist";
				INSTALL_PATH = "$(HOME)/Applications";
				LIBRARY_SEARCH_PATHS = "";
				OTHER_CFLAGS = "";
				OTHER_LDFLAGS = "-licucore";
				PRODUCT_NAME = PowerRenamer;
				SECTORDER_FLAGS = "";
				WARNING_CFLAGS = (
					"-Wmost",
					"-Wno-four-char-constants",
					"-Wno-unknown-pragmas",
				);
				WRAPPER_EXTENSION = app;
				ZERO_LINK = YES;
			};
			name = Debug;
		};
		2C85CB790B7B342900C89869 /* Release */ = {
			isa = XCBuildConfiguration;
			buildSettings = {
				COPY_PHASE_STRIP = YES;
				FRAMEWORK_SEARCH_PATHS = (
					"$(inherited)",
					"$(SRCROOT)/..",
				);
				GCC_ENABLE_FIX_AND_CONTINUE = NO;
				GCC_ENABLE_OBJC_EXCEPTIONS = YES;
				GCC_SYMBOLS_PRIVATE_EXTERN = NO;
				HEADER_SEARCH_PATHS = "";
				INFOPLIST_FILE = "Info-PowerRenamer.plist";
				INSTALL_PATH = "$(HOME)/Applications";
				LIBRARY_SEARCH_PATHS = "";
				OTHER_CFLAGS = "";
				OTHER_LDFLAGS = "-licucore";
				OTHER_OSAFLAGS = "-x";
				PRODUCT_NAME = PowerRenamer;
				SECTORDER_FLAGS = "";
				WARNING_CFLAGS = (
					"-Wmost",
					"-Wno-four-char-constants",
					"-Wno-unknown-pragmas",
				);
				WRAPPER_EXTENSION = app;
				ZERO_LINK = NO;
			};
			name = Release;
		};
		2C85CB7A0B7B342900C89869 /* SDDebug */ = {
			isa = XCBuildConfiguration;
			buildSettings = {
				FRAMEWORK_SEARCH_PATHS = (
					"$(inherited)",
					"$(SRCROOT)/..",
				);
				GCC_ENABLE_FIX_AND_CONTINUE = NO;
				GCC_ENABLE_OBJC_EXCEPTIONS = YES;
				GCC_SYMBOLS_PRIVATE_EXTERN = NO;
				HEADER_SEARCH_PATHS = "";
				INFOPLIST_FILE = "Info-PowerRenamer_____________.plist";
				INSTALL_PATH = "$(HOME)/Applications";
				LIBRARY_SEARCH_PATHS = "";
				OTHER_CFLAGS = "";
				OTHER_LDFLAGS = "-licucore";
				OTHER_OSAFLAGS = "-l \\\"AppleScript Debugger\\\"";
				PRODUCT_NAME = PowerRenamer;
				SECTORDER_FLAGS = "";
				WARNING_CFLAGS = (
					"-Wmost",
					"-Wno-four-char-constants",
					"-Wno-unknown-pragmas",
				);
				WRAPPER_EXTENSION = app;
				ZERO_LINK = NO;
			};
			name = SDDebug;
		};
		2C85CB7B0B7B342900C89869 /* Default */ = {
			isa = XCBuildConfiguration;
			buildSettings = {
				FRAMEWORK_SEARCH_PATHS = (
					"$(inherited)",
					"$(SRCROOT)/..",
				);
				GCC_ENABLE_OBJC_EXCEPTIONS = YES;
				GCC_SYMBOLS_PRIVATE_EXTERN = NO;
				HEADER_SEARCH_PATHS = "";
				INFOPLIST_FILE = "Info-PowerRenamer_____________.plist";
				INSTALL_PATH = "$(HOME)/Applications";
				LIBRARY_SEARCH_PATHS = "";
				OTHER_CFLAGS = "";
				OTHER_LDFLAGS = "-licucore";
				PRODUCT_NAME = PowerRenamer;
				SECTORDER_FLAGS = "";
				WARNING_CFLAGS = (
					"-Wmost",
					"-Wno-four-char-constants",
					"-Wno-unknown-pragmas",
				);
				WRAPPER_EXTENSION = app;
			};
			name = Default;
		};
/* End XCBuildConfiguration section */

/* Begin XCConfigurationList section */
		2C85C6D90B7B114200C89869 /* Build configuration list for PBXProject "PowerRenamer" */ = {
			isa = XCConfigurationList;
			buildConfigurations = (
				2C85C6DA0B7B114200C89869 /* Debug */,
				2C85C6DB0B7B114200C89869 /* Release */,
				2C85C6DC0B7B114200C89869 /* SDDebug */,
				2C85C6DD0B7B114200C89869 /* Default */,
			);
			defaultConfigurationIsVisible = 0;
			defaultConfigurationName = Default;
		};
		2C85CB770B7B342900C89869 /* Build configuration list for PBXNativeTarget "PowerRenamer" */ = {
			isa = XCConfigurationList;
			buildConfigurations = (
				2C85CB780B7B342900C89869 /* Debug */,
				2C85CB790B7B342900C89869 /* Release */,
				2C85CB7A0B7B342900C89869 /* SDDebug */,
				2C85CB7B0B7B342900C89869 /* Default */,
			);
			defaultConfigurationIsVisible = 0;
			defaultConfigurationName = Default;
		};
/* End XCConfigurationList section */
	};
	rootObject = 29B97313FDCFA39411CA2CEA /* Project object */;
}
